// !$*UTF8*$!
{
	archiveVersion = 1;
	classes = {
	};
	objectVersion = 56;
	objects = {

/* Begin PBXBuildFile section */
		2275722668A0FA2F9740DD11 /* Pods_MacroZladagApp.framework in Frameworks */ = {isa = PBXBuildFile; fileRef = 347FF2B2596BDA8510B85CFA /* Pods_MacroZladagApp.framework */; };
		65257B732ADD3E2800C6290C /* HomeBoardingResponse.swift in Sources */ = {isa = PBXBuildFile; fileRef = 65257B722ADD3E2800C6290C /* HomeBoardingResponse.swift */; };
		65257B752ADD469500C6290C /* DatePickerViewController.swift in Sources */ = {isa = PBXBuildFile; fileRef = 65257B742ADD469500C6290C /* DatePickerViewController.swift */; };
		65303FC62AE905A400EF5E17 /* AuthManager.swift in Sources */ = {isa = PBXBuildFile; fileRef = 65303FC52AE905A400EF5E17 /* AuthManager.swift */; };
		65303FC82AE9070500EF5E17 /* WelcomeViewController.swift in Sources */ = {isa = PBXBuildFile; fileRef = 65303FC72AE9070500EF5E17 /* WelcomeViewController.swift */; };
		65303FCF2AE92B2D00EF5E17 /* SheetDuaViewController.swift in Sources */ = {isa = PBXBuildFile; fileRef = 65303FCE2AE92B2D00EF5E17 /* SheetDuaViewController.swift */; };
		6530400A2AE9826100EF5E17 /* CoretanTambahAnabulViewController.swift in Sources */ = {isa = PBXBuildFile; fileRef = 653040092AE9826100EF5E17 /* CoretanTambahAnabulViewController.swift */; };
		6530400D2AE9871900EF5E17 /* TambahProfilAnabulViewController.swift in Sources */ = {isa = PBXBuildFile; fileRef = 6530400C2AE9871900EF5E17 /* TambahProfilAnabulViewController.swift */; };
		653040102AE98BF100EF5E17 /* IconView.swift in Sources */ = {isa = PBXBuildFile; fileRef = 6530400F2AE98BF100EF5E17 /* IconView.swift */; };
		653040122AE9A02100EF5E17 /* NecessarryFieldLabel.swift in Sources */ = {isa = PBXBuildFile; fileRef = 653040112AE9A02100EF5E17 /* NecessarryFieldLabel.swift */; };
		653040142AE9A2FE00EF5E17 /* TambahAnabulTextField.swift in Sources */ = {isa = PBXBuildFile; fileRef = 653040132AE9A2FE00EF5E17 /* TambahAnabulTextField.swift */; };
		653040162AEA521B00EF5E17 /* ProfileImageViewButton.swift in Sources */ = {isa = PBXBuildFile; fileRef = 653040152AEA521B00EF5E17 /* ProfileImageViewButton.swift */; };
		6553A6842AE6ECDA00C63D4F /* UbahPencarianViewController.swift in Sources */ = {isa = PBXBuildFile; fileRef = 6553A6832AE6ECDA00C63D4F /* UbahPencarianViewController.swift */; };
		655B017B2AD9F6DC0016FC81 /* FilterParams.swift in Sources */ = {isa = PBXBuildFile; fileRef = 655B017A2AD9F6DC0016FC81 /* FilterParams.swift */; };
		6563A4652AD48B5A0058A130 /* FilterCollectionViewCell.swift in Sources */ = {isa = PBXBuildFile; fileRef = 6563A4642AD48B5A0058A130 /* FilterCollectionViewCell.swift */; };
		6563A4682AD494200058A130 /* SearchResultHeaderCollectionReusableView.swift in Sources */ = {isa = PBXBuildFile; fileRef = 6563A4672AD494200058A130 /* SearchResultHeaderCollectionReusableView.swift */; };
		6563A46A2AD49EB20058A130 /* FilterSheetViewController.swift in Sources */ = {isa = PBXBuildFile; fileRef = 6563A4692AD49EB20058A130 /* FilterSheetViewController.swift */; };
		6563A46D2AD53CF90058A130 /* CobaViewController.swift in Sources */ = {isa = PBXBuildFile; fileRef = 6563A46C2AD53CF90058A130 /* CobaViewController.swift */; };
		6563A47A2AD700500058A130 /* MencobaSheetViewController.swift in Sources */ = {isa = PBXBuildFile; fileRef = 6563A4792AD700500058A130 /* MencobaSheetViewController.swift */; };
		6570AA1A2ADE8980003DC5EB /* BoardingImage.swift in Sources */ = {isa = PBXBuildFile; fileRef = 6570AA192ADE8980003DC5EB /* BoardingImage.swift */; };
		6570AA1C2ADE946F003DC5EB /* ServiceCategory.swift in Sources */ = {isa = PBXBuildFile; fileRef = 6570AA1B2ADE946F003DC5EB /* ServiceCategory.swift */; };
		6570AA1E2ADE9C4E003DC5EB /* PetCategory.swift in Sources */ = {isa = PBXBuildFile; fileRef = 6570AA1D2ADE9C4E003DC5EB /* PetCategory.swift */; };
		6570AA202ADE9FDB003DC5EB /* BoardingPolicy.swift in Sources */ = {isa = PBXBuildFile; fileRef = 6570AA1F2ADE9FDB003DC5EB /* BoardingPolicy.swift */; };
		6570AA222ADEA19E003DC5EB /* Service.swift in Sources */ = {isa = PBXBuildFile; fileRef = 6570AA212ADEA19E003DC5EB /* Service.swift */; };
		6570AA432ADFD662003DC5EB /* SmallBoardingCell.swift in Sources */ = {isa = PBXBuildFile; fileRef = 6570AA422ADFD662003DC5EB /* SmallBoardingCell.swift */; };
		6570AA472ADFD8AD003DC5EB /* HomeCellViewModel.swift in Sources */ = {isa = PBXBuildFile; fileRef = 6570AA462ADFD8AD003DC5EB /* HomeCellViewModel.swift */; };
		6570AA492ADFE1C6003DC5EB /* SearchPage.swift in Sources */ = {isa = PBXBuildFile; fileRef = 6570AA482ADFE1C6003DC5EB /* SearchPage.swift */; };
		6570AA4C2ADFE28B003DC5EB /* SearchBoardingsResponse.swift in Sources */ = {isa = PBXBuildFile; fileRef = 6570AA4B2ADFE28B003DC5EB /* SearchBoardingsResponse.swift */; };
		6570AA4E2ADFE326003DC5EB /* MediumBoardingCell.swift in Sources */ = {isa = PBXBuildFile; fileRef = 6570AA4D2ADFE326003DC5EB /* MediumBoardingCell.swift */; };
		6570AA502ADFE7D1003DC5EB /* SearchBoardingViewModel.swift in Sources */ = {isa = PBXBuildFile; fileRef = 6570AA4F2ADFE7D1003DC5EB /* SearchBoardingViewModel.swift */; };
		6570AA532ADFEE53003DC5EB /* BoardingDetailsResponse.swift in Sources */ = {isa = PBXBuildFile; fileRef = 6570AA522ADFEE53003DC5EB /* BoardingDetailsResponse.swift */; };
		6570AA552ADFF06C003DC5EB /* BoardingCage.swift in Sources */ = {isa = PBXBuildFile; fileRef = 6570AA542ADFF06C003DC5EB /* BoardingCage.swift */; };
		6570AA572ADFF435003DC5EB /* BoardingDetailsViewModel.swift in Sources */ = {isa = PBXBuildFile; fileRef = 6570AA562ADFF435003DC5EB /* BoardingDetailsViewModel.swift */; };
		6570AA592AE04EB4003DC5EB /* Utils.swift in Sources */ = {isa = PBXBuildFile; fileRef = 6570AA582AE04EB4003DC5EB /* Utils.swift */; };
		6584BBBF2ADBDB910023D546 /* CobaTextFieldViewController.swift in Sources */ = {isa = PBXBuildFile; fileRef = 6584BBBE2ADBDB910023D546 /* CobaTextFieldViewController.swift */; };
		65C40CCE2ACAA796004D986C /* AppDelegate.swift in Sources */ = {isa = PBXBuildFile; fileRef = 65C40CCD2ACAA796004D986C /* AppDelegate.swift */; };
		65C40CD02ACAA796004D986C /* SceneDelegate.swift in Sources */ = {isa = PBXBuildFile; fileRef = 65C40CCF2ACAA796004D986C /* SceneDelegate.swift */; };
		65C40CD72ACAA797004D986C /* Assets.xcassets in Resources */ = {isa = PBXBuildFile; fileRef = 65C40CD62ACAA797004D986C /* Assets.xcassets */; };
		65C40CDA2ACAA797004D986C /* LaunchScreen.storyboard in Resources */ = {isa = PBXBuildFile; fileRef = 65C40CD82ACAA797004D986C /* LaunchScreen.storyboard */; };
		65C40CE32ACAC035004D986C /* ExtensionUIView.swift in Sources */ = {isa = PBXBuildFile; fileRef = 65C40CE22ACAC035004D986C /* ExtensionUIView.swift */; };
		65C40CE62ACAC0AC004D986C /* APICaller.swift in Sources */ = {isa = PBXBuildFile; fileRef = 65C40CE52ACAC0AC004D986C /* APICaller.swift */; };
		65C40CEE2ACAC19E004D986C /* TabBarViewController.swift in Sources */ = {isa = PBXBuildFile; fileRef = 65C40CED2ACAC19E004D986C /* TabBarViewController.swift */; };
		65C40CF02ACAC291004D986C /* HomeViewController.swift in Sources */ = {isa = PBXBuildFile; fileRef = 65C40CEF2ACAC291004D986C /* HomeViewController.swift */; };
		65C40CF22ACAC298004D986C /* YourOrdersViewController.swift in Sources */ = {isa = PBXBuildFile; fileRef = 65C40CF12ACAC298004D986C /* YourOrdersViewController.swift */; };
		65C40CF42ACAC2A4004D986C /* AccountViewController.swift in Sources */ = {isa = PBXBuildFile; fileRef = 65C40CF32ACAC2A4004D986C /* AccountViewController.swift */; };
		65C40CF62ACAC2D6004D986C /* SearchResultsViewController.swift in Sources */ = {isa = PBXBuildFile; fileRef = 65C40CF52ACAC2D6004D986C /* SearchResultsViewController.swift */; };
		65C40CF82ACAC735004D986C /* BoardingsResponse.swift in Sources */ = {isa = PBXBuildFile; fileRef = 65C40CF72ACAC735004D986C /* BoardingsResponse.swift */; };
		65C40CFB2ACACC44004D986C /* Boarding.swift in Sources */ = {isa = PBXBuildFile; fileRef = 65C40CFA2ACACC44004D986C /* Boarding.swift */; };
		65C40D012ACAD1D1004D986C /* SmallBoardingsCollectionViewCell.swift in Sources */ = {isa = PBXBuildFile; fileRef = 65C40D002ACAD1D1004D986C /* SmallBoardingsCollectionViewCell.swift */; };
		65C40D032ACCA9E5004D986C /* BoardingCategory.swift in Sources */ = {isa = PBXBuildFile; fileRef = 65C40D022ACCA9E5004D986C /* BoardingCategory.swift */; };
		65C40D092ACCAE53004D986C /* Subdistrict.swift in Sources */ = {isa = PBXBuildFile; fileRef = 65C40D082ACCAE53004D986C /* Subdistrict.swift */; };
		65C40D0D2ACCD0EE004D986C /* SearchBoardingsResultCollectionViewCell.swift in Sources */ = {isa = PBXBuildFile; fileRef = 65C40D0C2ACCD0EE004D986C /* SearchBoardingsResultCollectionViewCell.swift */; };
		65C40D0F2ACD7A22004D986C /* BoardingDetailsViewController.swift in Sources */ = {isa = PBXBuildFile; fileRef = 65C40D0E2ACD7A22004D986C /* BoardingDetailsViewController.swift */; };
		65C40D112ACDC182004D986C /* ErrorPageViewController.swift in Sources */ = {isa = PBXBuildFile; fileRef = 65C40D102ACDC182004D986C /* ErrorPageViewController.swift */; };
		65C40D332ACDD3ED004D986C /* CoretanViewController.swift in Sources */ = {isa = PBXBuildFile; fileRef = 65C40D322ACDD3ED004D986C /* CoretanViewController.swift */; };
		65C40D352ACDDD6B004D986C /* ExtensionUIColor.swift in Sources */ = {isa = PBXBuildFile; fileRef = 65C40D342ACDDD6B004D986C /* ExtensionUIColor.swift */; };
		65DC1D082AD2ADBC005D8288 /* MainHeaderCollectionReusableView.swift in Sources */ = {isa = PBXBuildFile; fileRef = 65DC1D072AD2ADBC005D8288 /* MainHeaderCollectionReusableView.swift */; };
		65DC1D0B2AD2AE5F005D8288 /* MainHeaderContainerView.swift in Sources */ = {isa = PBXBuildFile; fileRef = 65DC1D0A2AD2AE5F005D8288 /* MainHeaderContainerView.swift */; };
		65DC1D0D2AD2AE79005D8288 /* SearchContainerView.swift in Sources */ = {isa = PBXBuildFile; fileRef = 65DC1D0C2AD2AE79005D8288 /* SearchContainerView.swift */; };
		65DC1D0F2AD2AEA9005D8288 /* TextFieldView.swift in Sources */ = {isa = PBXBuildFile; fileRef = 65DC1D0E2AD2AEA9005D8288 /* TextFieldView.swift */; };
		65DC1D112AD2AF2D005D8288 /* NumberOfCatsAndDogsButton.swift in Sources */ = {isa = PBXBuildFile; fileRef = 65DC1D102AD2AF2D005D8288 /* NumberOfCatsAndDogsButton.swift */; };
		65DC1D142AD2B398005D8288 /* PromoCollectionView.swift in Sources */ = {isa = PBXBuildFile; fileRef = 65DC1D132AD2B398005D8288 /* PromoCollectionView.swift */; };
		65DC1D172AD2B678005D8288 /* PromoCollectionViewCell.swift in Sources */ = {isa = PBXBuildFile; fileRef = 65DC1D162AD2B678005D8288 /* PromoCollectionViewCell.swift */; };
		65DC1D192AD32CCE005D8288 /* SearchButton.swift in Sources */ = {isa = PBXBuildFile; fileRef = 65DC1D182AD32CCE005D8288 /* SearchButton.swift */; };
		65DC1D1D2AD33A4F005D8288 /* SectionOneHeaderCollectionReusableView.swift in Sources */ = {isa = PBXBuildFile; fileRef = 65DC1D1C2AD33A4F005D8288 /* SectionOneHeaderCollectionReusableView.swift */; };
		65DC1D1F2AD34274005D8288 /* SectionTwoHeaderCollectionReusableView.swift in Sources */ = {isa = PBXBuildFile; fileRef = 65DC1D1E2AD34274005D8288 /* SectionTwoHeaderCollectionReusableView.swift */; };
		65DC1D212AD34A85005D8288 /* CatsAndDogsCounterViewController.swift in Sources */ = {isa = PBXBuildFile; fileRef = 65DC1D202AD34A85005D8288 /* CatsAndDogsCounterViewController.swift */; };
		65EC8BE22AE27D9500CDD359 /* GetHome.json in Resources */ = {isa = PBXBuildFile; fileRef = 65EC8BDF2AE27D9500CDD359 /* GetHome.json */; };
		65EC8BE32AE27D9500CDD359 /* GetOneBoardingDetails.json in Resources */ = {isa = PBXBuildFile; fileRef = 65EC8BE02AE27D9500CDD359 /* GetOneBoardingDetails.json */; };
		65EC8BE42AE27D9500CDD359 /* GetSearch.json in Resources */ = {isa = PBXBuildFile; fileRef = 65EC8BE12AE27D9500CDD359 /* GetSearch.json */; };
		8F23ED632ADDF6EC00B25026 /* BoardingMapViewController.swift in Sources */ = {isa = PBXBuildFile; fileRef = 8F23ED622ADDF6EC00B25026 /* BoardingMapViewController.swift */; };
		8F23ED6D2ADF8B2C00B25026 /* COBAstickysegmentedbar.swift in Sources */ = {isa = PBXBuildFile; fileRef = 8F23ED6C2ADF8B2C00B25026 /* COBAstickysegmentedbar.swift */; };
		8F23EDBF2AE410A400B25026 /* User.swift in Sources */ = {isa = PBXBuildFile; fileRef = 8F23EDBE2AE410A400B25026 /* User.swift */; };
		8F23EDC12AE410B000B25026 /* Pet.swift in Sources */ = {isa = PBXBuildFile; fileRef = 8F23EDC02AE410B000B25026 /* Pet.swift */; };
		8F23EDC42AE41CCF00B25026 /* Order.swift in Sources */ = {isa = PBXBuildFile; fileRef = 8F23EDC32AE41CCF00B25026 /* Order.swift */; };
		8F27AD382AD3DAD200E40ECE /* DateToolTipView.swift in Sources */ = {isa = PBXBuildFile; fileRef = 8F27AD372AD3DAD200E40ECE /* DateToolTipView.swift */; };
		8F9ADD982AD704EF0082E19B /* BoardingPhotoCollectionViewCell.swift in Sources */ = {isa = PBXBuildFile; fileRef = 8F9ADD972AD704EF0082E19B /* BoardingPhotoCollectionViewCell.swift */; };
		8F9ADD9C2AD7CF9A0082E19B /* SegmentedInfoView.swift in Sources */ = {isa = PBXBuildFile; fileRef = 8F9ADD9B2AD7CF9A0082E19B /* SegmentedInfoView.swift */; };
		8F9ADD9E2AD7CFB30082E19B /* SegmentedReviewView.swift in Sources */ = {isa = PBXBuildFile; fileRef = 8F9ADD9D2AD7CFB30082E19B /* SegmentedReviewView.swift */; };
		8F9ADDA02AD994B10082E19B /* SegmentedInfoViewController.swift in Sources */ = {isa = PBXBuildFile; fileRef = 8F9ADD9F2AD994B10082E19B /* SegmentedInfoViewController.swift */; };
		8F9ADDA22AD9A3DE0082E19B /* TestSwiftUIView.swift in Sources */ = {isa = PBXBuildFile; fileRef = 8F9ADDA12AD9A3DE0082E19B /* TestSwiftUIView.swift */; };
		8F9C2D3D2AEEEEFA00D767CD /* OptionDivider.swift in Sources */ = {isa = PBXBuildFile; fileRef = 8F9C2D3C2AEEEEFA00D767CD /* OptionDivider.swift */; };
		8F9C2D412AEFFD8900D767CD /* SignUpBody.swift in Sources */ = {isa = PBXBuildFile; fileRef = 8F9C2D402AEFFD8900D767CD /* SignUpBody.swift */; };
		8F9C2D432AF0019E00D767CD /* SignInPhoneBody.swift in Sources */ = {isa = PBXBuildFile; fileRef = 8F9C2D422AF0019E00D767CD /* SignInPhoneBody.swift */; };
		8F9C2D452AF0020A00D767CD /* ValidatePhoneCodeBody.swift in Sources */ = {isa = PBXBuildFile; fileRef = 8F9C2D442AF0020A00D767CD /* ValidatePhoneCodeBody.swift */; };
		8F9C2D472AF0024B00D767CD /* SendPhoneCodeBody.swift in Sources */ = {isa = PBXBuildFile; fileRef = 8F9C2D462AF0024B00D767CD /* SendPhoneCodeBody.swift */; };
		8F9C2D4A2AF09D0000D767CD /* ProfileViewController.swift in Sources */ = {isa = PBXBuildFile; fileRef = 8F9C2D492AF09D0000D767CD /* ProfileViewController.swift */; };
		8F9C2D4E2AF0F15300D767CD /* ProfilePhotoWithTitle.swift in Sources */ = {isa = PBXBuildFile; fileRef = 8F9C2D4D2AF0F15300D767CD /* ProfilePhotoWithTitle.swift */; };
		8F9C2D502AF0F9E500D767CD /* ProfileIconLabel.swift in Sources */ = {isa = PBXBuildFile; fileRef = 8F9C2D4F2AF0F9E500D767CD /* ProfileIconLabel.swift */; };
		8F9C2D532AF26F1300D767CD /* ProfileArrowMenu.swift in Sources */ = {isa = PBXBuildFile; fileRef = 8F9C2D522AF26F1300D767CD /* ProfileArrowMenu.swift */; };
		8F9C2D552AF3127B00D767CD /* IconButtonTinted.swift in Sources */ = {isa = PBXBuildFile; fileRef = 8F9C2D542AF3127B00D767CD /* IconButtonTinted.swift */; };
		8F9C2D602AF5124A00D767CD /* ProfilePetListDetailsViewController.swift in Sources */ = {isa = PBXBuildFile; fileRef = 8F9C2D5F2AF5124A00D767CD /* ProfilePetListDetailsViewController.swift */; };
		8F9C2D622AF7630000D767CD /* PetNameCard.swift in Sources */ = {isa = PBXBuildFile; fileRef = 8F9C2D612AF7630000D767CD /* PetNameCard.swift */; };
		8F9C2D642AF7679B00D767CD /* GenderTag.swift in Sources */ = {isa = PBXBuildFile; fileRef = 8F9C2D632AF7679B00D767CD /* GenderTag.swift */; };
		8F9C2D662AF77C7100D767CD /* InfoContainer.swift in Sources */ = {isa = PBXBuildFile; fileRef = 8F9C2D652AF77C7100D767CD /* InfoContainer.swift */; };
		8F9C2D6A2AF7DDDC00D767CD /* PetBiodataView.swift in Sources */ = {isa = PBXBuildFile; fileRef = 8F9C2D692AF7DDDC00D767CD /* PetBiodataView.swift */; };
		8F9C2D722AF8927900D767CD /* ProfilePetTableViewCell.swift in Sources */ = {isa = PBXBuildFile; fileRef = 8F9C2D712AF8927900D767CD /* ProfilePetTableViewCell.swift */; };
		8F9C2D752AF8FA9F00D767CD /* PetFacilityPrefCollectionViewCell.swift in Sources */ = {isa = PBXBuildFile; fileRef = 8F9C2D742AF8FA9F00D767CD /* PetFacilityPrefCollectionViewCell.swift */; };
		8F9C2D772AF8FAD800D767CD /* PetHabitsCollectionViewCell.swift in Sources */ = {isa = PBXBuildFile; fileRef = 8F9C2D762AF8FAD800D767CD /* PetHabitsCollectionViewCell.swift */; };
		8F9C2D792AF8FC9C00D767CD /* PetFacilityPrefCollectionViewController.swift in Sources */ = {isa = PBXBuildFile; fileRef = 8F9C2D782AF8FC9C00D767CD /* PetFacilityPrefCollectionViewController.swift */; };
		8F9C2D7B2AF92F2B00D767CD /* LeftAlignedCollectionViewFlowLayout.swift in Sources */ = {isa = PBXBuildFile; fileRef = 8F9C2D7A2AF92F2B00D767CD /* LeftAlignedCollectionViewFlowLayout.swift */; };
		8F9C2D7E2AF9335600D767CD /* PetHabitsCollectionViewController.swift in Sources */ = {isa = PBXBuildFile; fileRef = 8F9C2D7D2AF9335600D767CD /* PetHabitsCollectionViewController.swift */; };
		8F9C2D802AF946B300D767CD /* ExtensionCollectionViewLayout.swift in Sources */ = {isa = PBXBuildFile; fileRef = 8F9C2D7F2AF946B300D767CD /* ExtensionCollectionViewLayout.swift */; };
		8F9C2D852AF9F88C00D767CD /* UserProfile.swift in Sources */ = {isa = PBXBuildFile; fileRef = 8F9C2D842AF9F88C00D767CD /* UserProfile.swift */; };
		8F9C2D872AF9F89600D767CD /* PetProfile.swift in Sources */ = {isa = PBXBuildFile; fileRef = 8F9C2D862AF9F89600D767CD /* PetProfile.swift */; };
		8F9C2D892AF9F8A400D767CD /* PetProfileDetails.swift in Sources */ = {isa = PBXBuildFile; fileRef = 8F9C2D882AF9F8A400D767CD /* PetProfileDetails.swift */; };
		8F9C2D8B2AF9FAB300D767CD /* Habit.swift in Sources */ = {isa = PBXBuildFile; fileRef = 8F9C2D8A2AF9FAB300D767CD /* Habit.swift */; };
		8F9C2D8D2AF9FB9500D767CD /* ProfilePageManager.swift in Sources */ = {isa = PBXBuildFile; fileRef = 8F9C2D8C2AF9FB9500D767CD /* ProfilePageManager.swift */; };
		8F9C2D912AFA457A00D767CD /* ReservationViewController.swift in Sources */ = {isa = PBXBuildFile; fileRef = 8F9C2D902AFA457A00D767CD /* ReservationViewController.swift */; };
		8F9C2D942AFA9AFE00D767CD /* HeaderInputButton.swift in Sources */ = {isa = PBXBuildFile; fileRef = 8F9C2D932AFA9AFE00D767CD /* HeaderInputButton.swift */; };
		8F9C2D962AFB77FF00D767CD /* RangeDatePickerViewController.swift in Sources */ = {isa = PBXBuildFile; fileRef = 8F9C2D952AFB77FF00D767CD /* RangeDatePickerViewController.swift */; };
		8FCD93DE2ADA6B26004BB490 /* TEMPSegmentedInfoViewController.swift in Sources */ = {isa = PBXBuildFile; fileRef = 8FCD93DD2ADA6B26004BB490 /* TEMPSegmentedInfoViewController.swift */; };
		8FCD93E02ADA868E004BB490 /* SegmentedReviewViewController.swift in Sources */ = {isa = PBXBuildFile; fileRef = 8FCD93DF2ADA868E004BB490 /* SegmentedReviewViewController.swift */; };
		8FCD93E22ADAC8C3004BB490 /* BoardingReviewCollectionViewCell.swift in Sources */ = {isa = PBXBuildFile; fileRef = 8FCD93E12ADAC8C3004BB490 /* BoardingReviewCollectionViewCell.swift */; };
		8FCD93E42ADD33FA004BB490 /* Facility.swift in Sources */ = {isa = PBXBuildFile; fileRef = 8FCD93E32ADD33FA004BB490 /* Facility.swift */; };
		8FCD93E62ADD343C004BB490 /* Policy.swift in Sources */ = {isa = PBXBuildFile; fileRef = 8FCD93E52ADD343C004BB490 /* Policy.swift */; };
		8FFEC0182AEA5C3D005D790F /* PrimaryButtonFilled.swift in Sources */ = {isa = PBXBuildFile; fileRef = 8FFEC0172AEA5C3D005D790F /* PrimaryButtonFilled.swift */; };
		8FFEC01A2AEA5C8E005D790F /* PhoneNumTextField.swift in Sources */ = {isa = PBXBuildFile; fileRef = 8FFEC0192AEA5C8E005D790F /* PhoneNumTextField.swift */; };
		8FFEC01C2AEA5CC8005D790F /* OnboardPromptLabelButton.swift in Sources */ = {isa = PBXBuildFile; fileRef = 8FFEC01B2AEA5CC7005D790F /* OnboardPromptLabelButton.swift */; };
		8FFEC01E2AEA5CF2005D790F /* OtpTextField.swift in Sources */ = {isa = PBXBuildFile; fileRef = 8FFEC01D2AEA5CF2005D790F /* OtpTextField.swift */; };
		8FFEC0202AEA5D16005D790F /* OnboardHeader.swift in Sources */ = {isa = PBXBuildFile; fileRef = 8FFEC01F2AEA5D16005D790F /* OnboardHeader.swift */; };
		8FFEC0222AEA5D43005D790F /* OnboardButtonOutline.swift in Sources */ = {isa = PBXBuildFile; fileRef = 8FFEC0212AEA5D43005D790F /* OnboardButtonOutline.swift */; };
		8FFEC0372AEA5EE5005D790F /* KekhususanSwitch.swift in Sources */ = {isa = PBXBuildFile; fileRef = 8FFEC0312AEA5EE5005D790F /* KekhususanSwitch.swift */; };
		8FFEC0382AEA5EE5005D790F /* KategoriButton.swift in Sources */ = {isa = PBXBuildFile; fileRef = 8FFEC0322AEA5EE5005D790F /* KategoriButton.swift */; };
		8FFEC0392AEA5EE5005D790F /* UrutkanFilterButton.swift in Sources */ = {isa = PBXBuildFile; fileRef = 8FFEC0332AEA5EE5005D790F /* UrutkanFilterButton.swift */; };
		8FFEC03A2AEA5EE5005D790F /* FasilitasContainerButton.swift in Sources */ = {isa = PBXBuildFile; fileRef = 8FFEC0342AEA5EE5005D790F /* FasilitasContainerButton.swift */; };
		8FFEC03B2AEA5EE5005D790F /* SimpanButtonView.swift in Sources */ = {isa = PBXBuildFile; fileRef = 8FFEC0352AEA5EE5005D790F /* SimpanButtonView.swift */; };
		8FFEC03C2AEA5EE5005D790F /* SectionViews.swift in Sources */ = {isa = PBXBuildFile; fileRef = 8FFEC0362AEA5EE5005D790F /* SectionViews.swift */; };
		8FFEC03F2AEA61B6005D790F /* CreateAccountViewController.swift in Sources */ = {isa = PBXBuildFile; fileRef = 8FFEC03E2AEA61B6005D790F /* CreateAccountViewController.swift */; };
		8FFEC0412AEA61DF005D790F /* OnboardingFormViewController.swift in Sources */ = {isa = PBXBuildFile; fileRef = 8FFEC0402AEA61DF005D790F /* OnboardingFormViewController.swift */; };
		8FFEC0432AEA6202005D790F /* OtpVerificationViewController.swift in Sources */ = {isa = PBXBuildFile; fileRef = 8FFEC0422AEA6202005D790F /* OtpVerificationViewController.swift */; };
		8FFEC0452AEA6220005D790F /* SignInByWhatsappViewController.swift in Sources */ = {isa = PBXBuildFile; fileRef = 8FFEC0442AEA6220005D790F /* SignInByWhatsappViewController.swift */; };
		8FFEC0472AEA6257005D790F /* SignInViewController.swift in Sources */ = {isa = PBXBuildFile; fileRef = 8FFEC0462AEA6257005D790F /* SignInViewController.swift */; };
		8FFEC0712AEB0A76005D790F /* MyConstants.swift in Sources */ = {isa = PBXBuildFile; fileRef = 8FFEC0702AEB0A76005D790F /* MyConstants.swift */; };
		8FFEC0742AEB4002005D790F /* SearchAccByPhoneResponse.swift in Sources */ = {isa = PBXBuildFile; fileRef = 8FFEC0732AEB4002005D790F /* SearchAccByPhoneResponse.swift */; };
		8FFEC0762AEB6A81005D790F /* AppAccountManager.swift in Sources */ = {isa = PBXBuildFile; fileRef = 8FFEC0752AEB6A81005D790F /* AppAccountManager.swift */; };
		8FFEC0922AEDBB35005D790F /* VerificationCodeResponse.swift in Sources */ = {isa = PBXBuildFile; fileRef = 8FFEC0912AEDBB35005D790F /* VerificationCodeResponse.swift */; };
		8FFEC0942AEDBCD7005D790F /* OnboardPhoneNumInput.swift in Sources */ = {isa = PBXBuildFile; fileRef = 8FFEC0932AEDBCD7005D790F /* OnboardPhoneNumInput.swift */; };
		8FFEC0962AEE7133005D790F /* ErrorResponse.swift in Sources */ = {isa = PBXBuildFile; fileRef = 8FFEC0952AEE7133005D790F /* ErrorResponse.swift */; };
		8FFEC0982AEE7149005D790F /* SuccessResponse.swift in Sources */ = {isa = PBXBuildFile; fileRef = 8FFEC0972AEE7149005D790F /* SuccessResponse.swift */; };
		8FFEC09A2AEE75BD005D790F /* SignInResponse.swift in Sources */ = {isa = PBXBuildFile; fileRef = 8FFEC0992AEE75BD005D790F /* SignInResponse.swift */; };
		8FFEC09E2AEEBC2E005D790F /* SignUpResponse.swift in Sources */ = {isa = PBXBuildFile; fileRef = 8FFEC09D2AEEBC2E005D790F /* SignUpResponse.swift */; };
/* End PBXBuildFile section */

/* Begin PBXFileReference section */
		347FF2B2596BDA8510B85CFA /* Pods_MacroZladagApp.framework */ = {isa = PBXFileReference; explicitFileType = wrapper.framework; includeInIndex = 0; path = Pods_MacroZladagApp.framework; sourceTree = BUILT_PRODUCTS_DIR; };
		65257B722ADD3E2800C6290C /* HomeBoardingResponse.swift */ = {isa = PBXFileReference; lastKnownFileType = sourcecode.swift; path = HomeBoardingResponse.swift; sourceTree = "<group>"; };
		65257B742ADD469500C6290C /* DatePickerViewController.swift */ = {isa = PBXFileReference; lastKnownFileType = sourcecode.swift; path = DatePickerViewController.swift; sourceTree = "<group>"; };
		65303FC52AE905A400EF5E17 /* AuthManager.swift */ = {isa = PBXFileReference; lastKnownFileType = sourcecode.swift; path = AuthManager.swift; sourceTree = "<group>"; };
		65303FC72AE9070500EF5E17 /* WelcomeViewController.swift */ = {isa = PBXFileReference; lastKnownFileType = sourcecode.swift; path = WelcomeViewController.swift; sourceTree = "<group>"; };
		65303FC92AE9072B00EF5E17 /* MacroZladagApp.entitlements */ = {isa = PBXFileReference; lastKnownFileType = text.plist.entitlements; path = MacroZladagApp.entitlements; sourceTree = "<group>"; };
		65303FCE2AE92B2D00EF5E17 /* SheetDuaViewController.swift */ = {isa = PBXFileReference; fileEncoding = 4; lastKnownFileType = sourcecode.swift; path = SheetDuaViewController.swift; sourceTree = "<group>"; };
		653040092AE9826100EF5E17 /* CoretanTambahAnabulViewController.swift */ = {isa = PBXFileReference; lastKnownFileType = sourcecode.swift; path = CoretanTambahAnabulViewController.swift; sourceTree = "<group>"; };
		6530400C2AE9871900EF5E17 /* TambahProfilAnabulViewController.swift */ = {isa = PBXFileReference; lastKnownFileType = sourcecode.swift; path = TambahProfilAnabulViewController.swift; sourceTree = "<group>"; };
		6530400F2AE98BF100EF5E17 /* IconView.swift */ = {isa = PBXFileReference; lastKnownFileType = sourcecode.swift; path = IconView.swift; sourceTree = "<group>"; };
		653040112AE9A02100EF5E17 /* NecessarryFieldLabel.swift */ = {isa = PBXFileReference; lastKnownFileType = sourcecode.swift; path = NecessarryFieldLabel.swift; sourceTree = "<group>"; };
		653040132AE9A2FE00EF5E17 /* TambahAnabulTextField.swift */ = {isa = PBXFileReference; lastKnownFileType = sourcecode.swift; path = TambahAnabulTextField.swift; sourceTree = "<group>"; };
		653040152AEA521B00EF5E17 /* ProfileImageViewButton.swift */ = {isa = PBXFileReference; lastKnownFileType = sourcecode.swift; path = ProfileImageViewButton.swift; sourceTree = "<group>"; };
		6553A6832AE6ECDA00C63D4F /* UbahPencarianViewController.swift */ = {isa = PBXFileReference; lastKnownFileType = sourcecode.swift; path = UbahPencarianViewController.swift; sourceTree = "<group>"; };
		655B017A2AD9F6DC0016FC81 /* FilterParams.swift */ = {isa = PBXFileReference; lastKnownFileType = sourcecode.swift; path = FilterParams.swift; sourceTree = "<group>"; };
		6563A4642AD48B5A0058A130 /* FilterCollectionViewCell.swift */ = {isa = PBXFileReference; lastKnownFileType = sourcecode.swift; path = FilterCollectionViewCell.swift; sourceTree = "<group>"; };
		6563A4672AD494200058A130 /* SearchResultHeaderCollectionReusableView.swift */ = {isa = PBXFileReference; lastKnownFileType = sourcecode.swift; path = SearchResultHeaderCollectionReusableView.swift; sourceTree = "<group>"; };
		6563A4692AD49EB20058A130 /* FilterSheetViewController.swift */ = {isa = PBXFileReference; lastKnownFileType = sourcecode.swift; path = FilterSheetViewController.swift; sourceTree = "<group>"; };
		6563A46C2AD53CF90058A130 /* CobaViewController.swift */ = {isa = PBXFileReference; lastKnownFileType = sourcecode.swift; path = CobaViewController.swift; sourceTree = "<group>"; };
		6563A4792AD700500058A130 /* MencobaSheetViewController.swift */ = {isa = PBXFileReference; lastKnownFileType = sourcecode.swift; path = MencobaSheetViewController.swift; sourceTree = "<group>"; };
		6570AA192ADE8980003DC5EB /* BoardingImage.swift */ = {isa = PBXFileReference; lastKnownFileType = sourcecode.swift; path = BoardingImage.swift; sourceTree = "<group>"; };
		6570AA1B2ADE946F003DC5EB /* ServiceCategory.swift */ = {isa = PBXFileReference; lastKnownFileType = sourcecode.swift; path = ServiceCategory.swift; sourceTree = "<group>"; };
		6570AA1D2ADE9C4E003DC5EB /* PetCategory.swift */ = {isa = PBXFileReference; lastKnownFileType = sourcecode.swift; path = PetCategory.swift; sourceTree = "<group>"; };
		6570AA1F2ADE9FDB003DC5EB /* BoardingPolicy.swift */ = {isa = PBXFileReference; lastKnownFileType = sourcecode.swift; path = BoardingPolicy.swift; sourceTree = "<group>"; };
		6570AA212ADEA19E003DC5EB /* Service.swift */ = {isa = PBXFileReference; lastKnownFileType = sourcecode.swift; path = Service.swift; sourceTree = "<group>"; };
		6570AA422ADFD662003DC5EB /* SmallBoardingCell.swift */ = {isa = PBXFileReference; lastKnownFileType = sourcecode.swift; path = SmallBoardingCell.swift; sourceTree = "<group>"; };
		6570AA462ADFD8AD003DC5EB /* HomeCellViewModel.swift */ = {isa = PBXFileReference; lastKnownFileType = sourcecode.swift; path = HomeCellViewModel.swift; sourceTree = "<group>"; };
		6570AA482ADFE1C6003DC5EB /* SearchPage.swift */ = {isa = PBXFileReference; lastKnownFileType = sourcecode.swift; path = SearchPage.swift; sourceTree = "<group>"; };
		6570AA4B2ADFE28B003DC5EB /* SearchBoardingsResponse.swift */ = {isa = PBXFileReference; lastKnownFileType = sourcecode.swift; path = SearchBoardingsResponse.swift; sourceTree = "<group>"; };
		6570AA4D2ADFE326003DC5EB /* MediumBoardingCell.swift */ = {isa = PBXFileReference; lastKnownFileType = sourcecode.swift; path = MediumBoardingCell.swift; sourceTree = "<group>"; };
		6570AA4F2ADFE7D1003DC5EB /* SearchBoardingViewModel.swift */ = {isa = PBXFileReference; lastKnownFileType = sourcecode.swift; path = SearchBoardingViewModel.swift; sourceTree = "<group>"; };
		6570AA522ADFEE53003DC5EB /* BoardingDetailsResponse.swift */ = {isa = PBXFileReference; lastKnownFileType = sourcecode.swift; path = BoardingDetailsResponse.swift; sourceTree = "<group>"; };
		6570AA542ADFF06C003DC5EB /* BoardingCage.swift */ = {isa = PBXFileReference; lastKnownFileType = sourcecode.swift; path = BoardingCage.swift; sourceTree = "<group>"; };
		6570AA562ADFF435003DC5EB /* BoardingDetailsViewModel.swift */ = {isa = PBXFileReference; lastKnownFileType = sourcecode.swift; path = BoardingDetailsViewModel.swift; sourceTree = "<group>"; };
		6570AA582AE04EB4003DC5EB /* Utils.swift */ = {isa = PBXFileReference; lastKnownFileType = sourcecode.swift; path = Utils.swift; sourceTree = "<group>"; };
		6584BBBE2ADBDB910023D546 /* CobaTextFieldViewController.swift */ = {isa = PBXFileReference; lastKnownFileType = sourcecode.swift; path = CobaTextFieldViewController.swift; sourceTree = "<group>"; };
		65C40CCA2ACAA796004D986C /* MacroZladagApp.app */ = {isa = PBXFileReference; explicitFileType = wrapper.application; includeInIndex = 0; path = MacroZladagApp.app; sourceTree = BUILT_PRODUCTS_DIR; };
		65C40CCD2ACAA796004D986C /* AppDelegate.swift */ = {isa = PBXFileReference; lastKnownFileType = sourcecode.swift; path = AppDelegate.swift; sourceTree = "<group>"; };
		65C40CCF2ACAA796004D986C /* SceneDelegate.swift */ = {isa = PBXFileReference; lastKnownFileType = sourcecode.swift; path = SceneDelegate.swift; sourceTree = "<group>"; };
		65C40CD62ACAA797004D986C /* Assets.xcassets */ = {isa = PBXFileReference; lastKnownFileType = folder.assetcatalog; path = Assets.xcassets; sourceTree = "<group>"; };
		65C40CD92ACAA797004D986C /* Base */ = {isa = PBXFileReference; lastKnownFileType = file.storyboard; name = Base; path = Base.lproj/LaunchScreen.storyboard; sourceTree = "<group>"; };
		65C40CDB2ACAA797004D986C /* Info.plist */ = {isa = PBXFileReference; lastKnownFileType = text.plist.xml; path = Info.plist; sourceTree = "<group>"; };
		65C40CE22ACAC035004D986C /* ExtensionUIView.swift */ = {isa = PBXFileReference; lastKnownFileType = sourcecode.swift; path = ExtensionUIView.swift; sourceTree = "<group>"; };
		65C40CE52ACAC0AC004D986C /* APICaller.swift */ = {isa = PBXFileReference; lastKnownFileType = sourcecode.swift; path = APICaller.swift; sourceTree = "<group>"; };
		65C40CED2ACAC19E004D986C /* TabBarViewController.swift */ = {isa = PBXFileReference; lastKnownFileType = sourcecode.swift; path = TabBarViewController.swift; sourceTree = "<group>"; };
		65C40CEF2ACAC291004D986C /* HomeViewController.swift */ = {isa = PBXFileReference; lastKnownFileType = sourcecode.swift; path = HomeViewController.swift; sourceTree = "<group>"; };
		65C40CF12ACAC298004D986C /* YourOrdersViewController.swift */ = {isa = PBXFileReference; lastKnownFileType = sourcecode.swift; path = YourOrdersViewController.swift; sourceTree = "<group>"; };
		65C40CF32ACAC2A4004D986C /* AccountViewController.swift */ = {isa = PBXFileReference; lastKnownFileType = sourcecode.swift; path = AccountViewController.swift; sourceTree = "<group>"; };
		65C40CF52ACAC2D6004D986C /* SearchResultsViewController.swift */ = {isa = PBXFileReference; lastKnownFileType = sourcecode.swift; path = SearchResultsViewController.swift; sourceTree = "<group>"; };
		65C40CF72ACAC735004D986C /* BoardingsResponse.swift */ = {isa = PBXFileReference; lastKnownFileType = sourcecode.swift; path = BoardingsResponse.swift; sourceTree = "<group>"; };
		65C40CFA2ACACC44004D986C /* Boarding.swift */ = {isa = PBXFileReference; lastKnownFileType = sourcecode.swift; path = Boarding.swift; sourceTree = "<group>"; };
		65C40D002ACAD1D1004D986C /* SmallBoardingsCollectionViewCell.swift */ = {isa = PBXFileReference; lastKnownFileType = sourcecode.swift; path = SmallBoardingsCollectionViewCell.swift; sourceTree = "<group>"; };
		65C40D022ACCA9E5004D986C /* BoardingCategory.swift */ = {isa = PBXFileReference; lastKnownFileType = sourcecode.swift; path = BoardingCategory.swift; sourceTree = "<group>"; };
		65C40D082ACCAE53004D986C /* Subdistrict.swift */ = {isa = PBXFileReference; lastKnownFileType = sourcecode.swift; path = Subdistrict.swift; sourceTree = "<group>"; };
		65C40D0C2ACCD0EE004D986C /* SearchBoardingsResultCollectionViewCell.swift */ = {isa = PBXFileReference; lastKnownFileType = sourcecode.swift; path = SearchBoardingsResultCollectionViewCell.swift; sourceTree = "<group>"; };
		65C40D0E2ACD7A22004D986C /* BoardingDetailsViewController.swift */ = {isa = PBXFileReference; lastKnownFileType = sourcecode.swift; path = BoardingDetailsViewController.swift; sourceTree = "<group>"; };
		65C40D102ACDC182004D986C /* ErrorPageViewController.swift */ = {isa = PBXFileReference; lastKnownFileType = sourcecode.swift; path = ErrorPageViewController.swift; sourceTree = "<group>"; };
		65C40D322ACDD3ED004D986C /* CoretanViewController.swift */ = {isa = PBXFileReference; lastKnownFileType = sourcecode.swift; path = CoretanViewController.swift; sourceTree = "<group>"; };
		65C40D342ACDDD6B004D986C /* ExtensionUIColor.swift */ = {isa = PBXFileReference; lastKnownFileType = sourcecode.swift; path = ExtensionUIColor.swift; sourceTree = "<group>"; };
		65DC1D072AD2ADBC005D8288 /* MainHeaderCollectionReusableView.swift */ = {isa = PBXFileReference; lastKnownFileType = sourcecode.swift; path = MainHeaderCollectionReusableView.swift; sourceTree = "<group>"; };
		65DC1D0A2AD2AE5F005D8288 /* MainHeaderContainerView.swift */ = {isa = PBXFileReference; lastKnownFileType = sourcecode.swift; path = MainHeaderContainerView.swift; sourceTree = "<group>"; };
		65DC1D0C2AD2AE79005D8288 /* SearchContainerView.swift */ = {isa = PBXFileReference; lastKnownFileType = sourcecode.swift; path = SearchContainerView.swift; sourceTree = "<group>"; };
		65DC1D0E2AD2AEA9005D8288 /* TextFieldView.swift */ = {isa = PBXFileReference; lastKnownFileType = sourcecode.swift; path = TextFieldView.swift; sourceTree = "<group>"; };
		65DC1D102AD2AF2D005D8288 /* NumberOfCatsAndDogsButton.swift */ = {isa = PBXFileReference; lastKnownFileType = sourcecode.swift; path = NumberOfCatsAndDogsButton.swift; sourceTree = "<group>"; };
		65DC1D132AD2B398005D8288 /* PromoCollectionView.swift */ = {isa = PBXFileReference; lastKnownFileType = sourcecode.swift; path = PromoCollectionView.swift; sourceTree = "<group>"; };
		65DC1D162AD2B678005D8288 /* PromoCollectionViewCell.swift */ = {isa = PBXFileReference; lastKnownFileType = sourcecode.swift; path = PromoCollectionViewCell.swift; sourceTree = "<group>"; };
		65DC1D182AD32CCE005D8288 /* SearchButton.swift */ = {isa = PBXFileReference; lastKnownFileType = sourcecode.swift; path = SearchButton.swift; sourceTree = "<group>"; };
		65DC1D1C2AD33A4F005D8288 /* SectionOneHeaderCollectionReusableView.swift */ = {isa = PBXFileReference; lastKnownFileType = sourcecode.swift; path = SectionOneHeaderCollectionReusableView.swift; sourceTree = "<group>"; };
		65DC1D1E2AD34274005D8288 /* SectionTwoHeaderCollectionReusableView.swift */ = {isa = PBXFileReference; lastKnownFileType = sourcecode.swift; path = SectionTwoHeaderCollectionReusableView.swift; sourceTree = "<group>"; };
		65DC1D202AD34A85005D8288 /* CatsAndDogsCounterViewController.swift */ = {isa = PBXFileReference; lastKnownFileType = sourcecode.swift; path = CatsAndDogsCounterViewController.swift; sourceTree = "<group>"; };
		65EC8BDF2AE27D9500CDD359 /* GetHome.json */ = {isa = PBXFileReference; fileEncoding = 4; lastKnownFileType = text.json; path = GetHome.json; sourceTree = "<group>"; };
		65EC8BE02AE27D9500CDD359 /* GetOneBoardingDetails.json */ = {isa = PBXFileReference; fileEncoding = 4; lastKnownFileType = text.json; path = GetOneBoardingDetails.json; sourceTree = "<group>"; };
		65EC8BE12AE27D9500CDD359 /* GetSearch.json */ = {isa = PBXFileReference; fileEncoding = 4; lastKnownFileType = text.json; path = GetSearch.json; sourceTree = "<group>"; };
		8F23ED622ADDF6EC00B25026 /* BoardingMapViewController.swift */ = {isa = PBXFileReference; lastKnownFileType = sourcecode.swift; path = BoardingMapViewController.swift; sourceTree = "<group>"; };
		8F23ED6C2ADF8B2C00B25026 /* COBAstickysegmentedbar.swift */ = {isa = PBXFileReference; lastKnownFileType = sourcecode.swift; path = COBAstickysegmentedbar.swift; sourceTree = "<group>"; };
		8F23EDBE2AE410A400B25026 /* User.swift */ = {isa = PBXFileReference; lastKnownFileType = sourcecode.swift; path = User.swift; sourceTree = "<group>"; };
		8F23EDC02AE410B000B25026 /* Pet.swift */ = {isa = PBXFileReference; lastKnownFileType = sourcecode.swift; path = Pet.swift; sourceTree = "<group>"; };
		8F23EDC32AE41CCF00B25026 /* Order.swift */ = {isa = PBXFileReference; lastKnownFileType = sourcecode.swift; path = Order.swift; sourceTree = "<group>"; };
		8F27AD332AD389D200E40ECE /* DatePickerViewController.swift */ = {isa = PBXFileReference; lastKnownFileType = sourcecode.swift; path = DatePickerViewController.swift; sourceTree = "<group>"; };
		8F27AD352AD3C2D500E40ECE /* CustomDatePickerView.swift */ = {isa = PBXFileReference; lastKnownFileType = sourcecode.swift; path = CustomDatePickerView.swift; sourceTree = "<group>"; };
		8F27AD372AD3DAD200E40ECE /* DateToolTipView.swift */ = {isa = PBXFileReference; lastKnownFileType = sourcecode.swift; path = DateToolTipView.swift; sourceTree = "<group>"; };
		8F27AD392AD3E11400E40ECE /* TEMPDatePickerViewController.swift */ = {isa = PBXFileReference; lastKnownFileType = sourcecode.swift; path = TEMPDatePickerViewController.swift; sourceTree = "<group>"; };
		8F9ADD972AD704EF0082E19B /* BoardingPhotoCollectionViewCell.swift */ = {isa = PBXFileReference; lastKnownFileType = sourcecode.swift; path = BoardingPhotoCollectionViewCell.swift; sourceTree = "<group>"; };
		8F9ADD9B2AD7CF9A0082E19B /* SegmentedInfoView.swift */ = {isa = PBXFileReference; lastKnownFileType = sourcecode.swift; path = SegmentedInfoView.swift; sourceTree = "<group>"; };
		8F9ADD9D2AD7CFB30082E19B /* SegmentedReviewView.swift */ = {isa = PBXFileReference; lastKnownFileType = sourcecode.swift; path = SegmentedReviewView.swift; sourceTree = "<group>"; };
		8F9ADD9F2AD994B10082E19B /* SegmentedInfoViewController.swift */ = {isa = PBXFileReference; lastKnownFileType = sourcecode.swift; path = SegmentedInfoViewController.swift; sourceTree = "<group>"; };
		8F9ADDA12AD9A3DE0082E19B /* TestSwiftUIView.swift */ = {isa = PBXFileReference; lastKnownFileType = sourcecode.swift; path = TestSwiftUIView.swift; sourceTree = "<group>"; };
		8F9C2D3C2AEEEEFA00D767CD /* OptionDivider.swift */ = {isa = PBXFileReference; lastKnownFileType = sourcecode.swift; path = OptionDivider.swift; sourceTree = "<group>"; };
		8F9C2D402AEFFD8900D767CD /* SignUpBody.swift */ = {isa = PBXFileReference; lastKnownFileType = sourcecode.swift; path = SignUpBody.swift; sourceTree = "<group>"; };
		8F9C2D422AF0019E00D767CD /* SignInPhoneBody.swift */ = {isa = PBXFileReference; lastKnownFileType = sourcecode.swift; path = SignInPhoneBody.swift; sourceTree = "<group>"; };
		8F9C2D442AF0020A00D767CD /* ValidatePhoneCodeBody.swift */ = {isa = PBXFileReference; lastKnownFileType = sourcecode.swift; path = ValidatePhoneCodeBody.swift; sourceTree = "<group>"; };
		8F9C2D462AF0024B00D767CD /* SendPhoneCodeBody.swift */ = {isa = PBXFileReference; lastKnownFileType = sourcecode.swift; path = SendPhoneCodeBody.swift; sourceTree = "<group>"; };
		8F9C2D492AF09D0000D767CD /* ProfileViewController.swift */ = {isa = PBXFileReference; lastKnownFileType = sourcecode.swift; path = ProfileViewController.swift; sourceTree = "<group>"; };
		8F9C2D4D2AF0F15300D767CD /* ProfilePhotoWithTitle.swift */ = {isa = PBXFileReference; lastKnownFileType = sourcecode.swift; path = ProfilePhotoWithTitle.swift; sourceTree = "<group>"; };
		8F9C2D4F2AF0F9E500D767CD /* ProfileIconLabel.swift */ = {isa = PBXFileReference; lastKnownFileType = sourcecode.swift; path = ProfileIconLabel.swift; sourceTree = "<group>"; };
		8F9C2D522AF26F1300D767CD /* ProfileArrowMenu.swift */ = {isa = PBXFileReference; lastKnownFileType = sourcecode.swift; path = ProfileArrowMenu.swift; sourceTree = "<group>"; };
		8F9C2D542AF3127B00D767CD /* IconButtonTinted.swift */ = {isa = PBXFileReference; lastKnownFileType = sourcecode.swift; path = IconButtonTinted.swift; sourceTree = "<group>"; };
		8F9C2D5F2AF5124A00D767CD /* ProfilePetListDetailsViewController.swift */ = {isa = PBXFileReference; lastKnownFileType = sourcecode.swift; path = ProfilePetListDetailsViewController.swift; sourceTree = "<group>"; };
		8F9C2D612AF7630000D767CD /* PetNameCard.swift */ = {isa = PBXFileReference; lastKnownFileType = sourcecode.swift; path = PetNameCard.swift; sourceTree = "<group>"; };
		8F9C2D632AF7679B00D767CD /* GenderTag.swift */ = {isa = PBXFileReference; lastKnownFileType = sourcecode.swift; path = GenderTag.swift; sourceTree = "<group>"; };
		8F9C2D652AF77C7100D767CD /* InfoContainer.swift */ = {isa = PBXFileReference; lastKnownFileType = sourcecode.swift; path = InfoContainer.swift; sourceTree = "<group>"; };
		8F9C2D692AF7DDDC00D767CD /* PetBiodataView.swift */ = {isa = PBXFileReference; lastKnownFileType = sourcecode.swift; path = PetBiodataView.swift; sourceTree = "<group>"; };
		8F9C2D712AF8927900D767CD /* ProfilePetTableViewCell.swift */ = {isa = PBXFileReference; lastKnownFileType = sourcecode.swift; path = ProfilePetTableViewCell.swift; sourceTree = "<group>"; };
		8F9C2D742AF8FA9F00D767CD /* PetFacilityPrefCollectionViewCell.swift */ = {isa = PBXFileReference; lastKnownFileType = sourcecode.swift; path = PetFacilityPrefCollectionViewCell.swift; sourceTree = "<group>"; };
		8F9C2D762AF8FAD800D767CD /* PetHabitsCollectionViewCell.swift */ = {isa = PBXFileReference; lastKnownFileType = sourcecode.swift; path = PetHabitsCollectionViewCell.swift; sourceTree = "<group>"; };
		8F9C2D782AF8FC9C00D767CD /* PetFacilityPrefCollectionViewController.swift */ = {isa = PBXFileReference; lastKnownFileType = sourcecode.swift; path = PetFacilityPrefCollectionViewController.swift; sourceTree = "<group>"; };
		8F9C2D7A2AF92F2B00D767CD /* LeftAlignedCollectionViewFlowLayout.swift */ = {isa = PBXFileReference; lastKnownFileType = sourcecode.swift; path = LeftAlignedCollectionViewFlowLayout.swift; sourceTree = "<group>"; };
		8F9C2D7D2AF9335600D767CD /* PetHabitsCollectionViewController.swift */ = {isa = PBXFileReference; lastKnownFileType = sourcecode.swift; path = PetHabitsCollectionViewController.swift; sourceTree = "<group>"; };
		8F9C2D7F2AF946B300D767CD /* ExtensionCollectionViewLayout.swift */ = {isa = PBXFileReference; lastKnownFileType = sourcecode.swift; path = ExtensionCollectionViewLayout.swift; sourceTree = "<group>"; };
		8F9C2D842AF9F88C00D767CD /* UserProfile.swift */ = {isa = PBXFileReference; lastKnownFileType = sourcecode.swift; path = UserProfile.swift; sourceTree = "<group>"; };
		8F9C2D862AF9F89600D767CD /* PetProfile.swift */ = {isa = PBXFileReference; lastKnownFileType = sourcecode.swift; path = PetProfile.swift; sourceTree = "<group>"; };
		8F9C2D882AF9F8A400D767CD /* PetProfileDetails.swift */ = {isa = PBXFileReference; lastKnownFileType = sourcecode.swift; path = PetProfileDetails.swift; sourceTree = "<group>"; };
		8F9C2D8A2AF9FAB300D767CD /* Habit.swift */ = {isa = PBXFileReference; lastKnownFileType = sourcecode.swift; path = Habit.swift; sourceTree = "<group>"; };
		8F9C2D8C2AF9FB9500D767CD /* ProfilePageManager.swift */ = {isa = PBXFileReference; lastKnownFileType = sourcecode.swift; path = ProfilePageManager.swift; sourceTree = "<group>"; };
		8F9C2D902AFA457A00D767CD /* ReservationViewController.swift */ = {isa = PBXFileReference; lastKnownFileType = sourcecode.swift; path = ReservationViewController.swift; sourceTree = "<group>"; };
		8F9C2D932AFA9AFE00D767CD /* HeaderInputButton.swift */ = {isa = PBXFileReference; lastKnownFileType = sourcecode.swift; path = HeaderInputButton.swift; sourceTree = "<group>"; };
		8F9C2D952AFB77FF00D767CD /* RangeDatePickerViewController.swift */ = {isa = PBXFileReference; lastKnownFileType = sourcecode.swift; path = RangeDatePickerViewController.swift; sourceTree = "<group>"; };
		8FCD93DD2ADA6B26004BB490 /* TEMPSegmentedInfoViewController.swift */ = {isa = PBXFileReference; lastKnownFileType = sourcecode.swift; path = TEMPSegmentedInfoViewController.swift; sourceTree = "<group>"; };
		8FCD93DF2ADA868E004BB490 /* SegmentedReviewViewController.swift */ = {isa = PBXFileReference; lastKnownFileType = sourcecode.swift; path = SegmentedReviewViewController.swift; sourceTree = "<group>"; };
		8FCD93E12ADAC8C3004BB490 /* BoardingReviewCollectionViewCell.swift */ = {isa = PBXFileReference; lastKnownFileType = sourcecode.swift; path = BoardingReviewCollectionViewCell.swift; sourceTree = "<group>"; };
		8FCD93E32ADD33FA004BB490 /* Facility.swift */ = {isa = PBXFileReference; lastKnownFileType = sourcecode.swift; path = Facility.swift; sourceTree = "<group>"; };
		8FCD93E52ADD343C004BB490 /* Policy.swift */ = {isa = PBXFileReference; lastKnownFileType = sourcecode.swift; path = Policy.swift; sourceTree = "<group>"; };
		8FFEBFB12AE66DD9005D790F /* CreateAccountViewController.swift */ = {isa = PBXFileReference; lastKnownFileType = sourcecode.swift; path = CreateAccountViewController.swift; sourceTree = "<group>"; };
		8FFEBFB32AE66E08005D790F /* OtpVerificationViewController.swift */ = {isa = PBXFileReference; lastKnownFileType = sourcecode.swift; path = OtpVerificationViewController.swift; sourceTree = "<group>"; };
		8FFEBFB52AE66E5A005D790F /* SignInViewController.swift */ = {isa = PBXFileReference; lastKnownFileType = sourcecode.swift; path = SignInViewController.swift; sourceTree = "<group>"; };
		8FFEBFB72AE66E71005D790F /* SignInByWhatsappViewController.swift */ = {isa = PBXFileReference; lastKnownFileType = sourcecode.swift; path = SignInByWhatsappViewController.swift; sourceTree = "<group>"; };
		8FFEBFB92AE670F8005D790F /* OnboardingFormViewController.swift */ = {isa = PBXFileReference; lastKnownFileType = sourcecode.swift; path = OnboardingFormViewController.swift; sourceTree = "<group>"; };
		8FFEC0172AEA5C3D005D790F /* PrimaryButtonFilled.swift */ = {isa = PBXFileReference; lastKnownFileType = sourcecode.swift; path = PrimaryButtonFilled.swift; sourceTree = "<group>"; };
		8FFEC0192AEA5C8E005D790F /* PhoneNumTextField.swift */ = {isa = PBXFileReference; lastKnownFileType = sourcecode.swift; path = PhoneNumTextField.swift; sourceTree = "<group>"; };
		8FFEC01B2AEA5CC7005D790F /* OnboardPromptLabelButton.swift */ = {isa = PBXFileReference; lastKnownFileType = sourcecode.swift; path = OnboardPromptLabelButton.swift; sourceTree = "<group>"; };
		8FFEC01D2AEA5CF2005D790F /* OtpTextField.swift */ = {isa = PBXFileReference; lastKnownFileType = sourcecode.swift; path = OtpTextField.swift; sourceTree = "<group>"; };
		8FFEC01F2AEA5D16005D790F /* OnboardHeader.swift */ = {isa = PBXFileReference; lastKnownFileType = sourcecode.swift; path = OnboardHeader.swift; sourceTree = "<group>"; };
		8FFEC0212AEA5D43005D790F /* OnboardButtonOutline.swift */ = {isa = PBXFileReference; lastKnownFileType = sourcecode.swift; path = OnboardButtonOutline.swift; sourceTree = "<group>"; };
		8FFEC0312AEA5EE5005D790F /* KekhususanSwitch.swift */ = {isa = PBXFileReference; fileEncoding = 4; lastKnownFileType = sourcecode.swift; path = KekhususanSwitch.swift; sourceTree = "<group>"; };
		8FFEC0322AEA5EE5005D790F /* KategoriButton.swift */ = {isa = PBXFileReference; fileEncoding = 4; lastKnownFileType = sourcecode.swift; path = KategoriButton.swift; sourceTree = "<group>"; };
		8FFEC0332AEA5EE5005D790F /* UrutkanFilterButton.swift */ = {isa = PBXFileReference; fileEncoding = 4; lastKnownFileType = sourcecode.swift; path = UrutkanFilterButton.swift; sourceTree = "<group>"; };
		8FFEC0342AEA5EE5005D790F /* FasilitasContainerButton.swift */ = {isa = PBXFileReference; fileEncoding = 4; lastKnownFileType = sourcecode.swift; path = FasilitasContainerButton.swift; sourceTree = "<group>"; };
		8FFEC0352AEA5EE5005D790F /* SimpanButtonView.swift */ = {isa = PBXFileReference; fileEncoding = 4; lastKnownFileType = sourcecode.swift; path = SimpanButtonView.swift; sourceTree = "<group>"; };
		8FFEC0362AEA5EE5005D790F /* SectionViews.swift */ = {isa = PBXFileReference; fileEncoding = 4; lastKnownFileType = sourcecode.swift; path = SectionViews.swift; sourceTree = "<group>"; };
		8FFEC03E2AEA61B6005D790F /* CreateAccountViewController.swift */ = {isa = PBXFileReference; lastKnownFileType = sourcecode.swift; path = CreateAccountViewController.swift; sourceTree = "<group>"; };
		8FFEC0402AEA61DF005D790F /* OnboardingFormViewController.swift */ = {isa = PBXFileReference; lastKnownFileType = sourcecode.swift; path = OnboardingFormViewController.swift; sourceTree = "<group>"; };
		8FFEC0422AEA6202005D790F /* OtpVerificationViewController.swift */ = {isa = PBXFileReference; lastKnownFileType = sourcecode.swift; path = OtpVerificationViewController.swift; sourceTree = "<group>"; };
		8FFEC0442AEA6220005D790F /* SignInByWhatsappViewController.swift */ = {isa = PBXFileReference; lastKnownFileType = sourcecode.swift; path = SignInByWhatsappViewController.swift; sourceTree = "<group>"; };
		8FFEC0462AEA6257005D790F /* SignInViewController.swift */ = {isa = PBXFileReference; lastKnownFileType = sourcecode.swift; path = SignInViewController.swift; sourceTree = "<group>"; };
		8FFEC0702AEB0A76005D790F /* MyConstants.swift */ = {isa = PBXFileReference; lastKnownFileType = sourcecode.swift; path = MyConstants.swift; sourceTree = "<group>"; };
		8FFEC0732AEB4002005D790F /* SearchAccByPhoneResponse.swift */ = {isa = PBXFileReference; lastKnownFileType = sourcecode.swift; path = SearchAccByPhoneResponse.swift; sourceTree = "<group>"; };
		8FFEC0752AEB6A81005D790F /* AppAccountManager.swift */ = {isa = PBXFileReference; lastKnownFileType = sourcecode.swift; path = AppAccountManager.swift; sourceTree = "<group>"; };
		8FFEC0912AEDBB35005D790F /* VerificationCodeResponse.swift */ = {isa = PBXFileReference; lastKnownFileType = sourcecode.swift; path = VerificationCodeResponse.swift; sourceTree = "<group>"; };
		8FFEC0932AEDBCD7005D790F /* OnboardPhoneNumInput.swift */ = {isa = PBXFileReference; lastKnownFileType = sourcecode.swift; path = OnboardPhoneNumInput.swift; sourceTree = "<group>"; };
		8FFEC0952AEE7133005D790F /* ErrorResponse.swift */ = {isa = PBXFileReference; lastKnownFileType = sourcecode.swift; path = ErrorResponse.swift; sourceTree = "<group>"; };
		8FFEC0972AEE7149005D790F /* SuccessResponse.swift */ = {isa = PBXFileReference; lastKnownFileType = sourcecode.swift; path = SuccessResponse.swift; sourceTree = "<group>"; };
		8FFEC0992AEE75BD005D790F /* SignInResponse.swift */ = {isa = PBXFileReference; lastKnownFileType = sourcecode.swift; path = SignInResponse.swift; sourceTree = "<group>"; };
		8FFEC09D2AEEBC2E005D790F /* SignUpResponse.swift */ = {isa = PBXFileReference; lastKnownFileType = sourcecode.swift; path = SignUpResponse.swift; sourceTree = "<group>"; };
		DD7F02616DBF5790C89BA81C /* Pods-MacroZladagApp.debug.xcconfig */ = {isa = PBXFileReference; includeInIndex = 1; lastKnownFileType = text.xcconfig; name = "Pods-MacroZladagApp.debug.xcconfig"; path = "Target Support Files/Pods-MacroZladagApp/Pods-MacroZladagApp.debug.xcconfig"; sourceTree = "<group>"; };
		E6EC42BD3B1212AFBDB47D42 /* Pods-MacroZladagApp.release.xcconfig */ = {isa = PBXFileReference; includeInIndex = 1; lastKnownFileType = text.xcconfig; name = "Pods-MacroZladagApp.release.xcconfig"; path = "Target Support Files/Pods-MacroZladagApp/Pods-MacroZladagApp.release.xcconfig"; sourceTree = "<group>"; };
/* End PBXFileReference section */

/* Begin PBXFrameworksBuildPhase section */
		65C40CC72ACAA796004D986C /* Frameworks */ = {
			isa = PBXFrameworksBuildPhase;
			buildActionMask = 2147483647;
			files = (
				2275722668A0FA2F9740DD11 /* Pods_MacroZladagApp.framework in Frameworks */,
			);
			runOnlyForDeploymentPostprocessing = 0;
		};
/* End PBXFrameworksBuildPhase section */

/* Begin PBXGroup section */
		141ACD2AC07824D1F08B448F /* Frameworks */ = {
			isa = PBXGroup;
			children = (
				347FF2B2596BDA8510B85CFA /* Pods_MacroZladagApp.framework */,
			);
			name = Frameworks;
			sourceTree = "<group>";
		};
		65257B712ADD3D1600C6290C /* Recovered References */ = {
			isa = PBXGroup;
			children = (
				8F27AD332AD389D200E40ECE /* DatePickerViewController.swift */,
				8F27AD392AD3E11400E40ECE /* TEMPDatePickerViewController.swift */,
				8F27AD352AD3C2D500E40ECE /* CustomDatePickerView.swift */,
				8FFEBFB52AE66E5A005D790F /* SignInViewController.swift */,
				8FFEBFB92AE670F8005D790F /* OnboardingFormViewController.swift */,
				8FFEBFB12AE66DD9005D790F /* CreateAccountViewController.swift */,
				8FFEBFB32AE66E08005D790F /* OtpVerificationViewController.swift */,
				8FFEBFB72AE66E71005D790F /* SignInByWhatsappViewController.swift */,
			);
			name = "Recovered References";
			sourceTree = "<group>";
		};
		65303FB62AE84F3D00EF5E17 /* HomePage */ = {
			isa = PBXGroup;
			children = (
				65303FB82AE8506D00EF5E17 /* Views */,
				65303FB72AE84F5400EF5E17 /* ViewModels */,
				65303FBE2AE8697F00EF5E17 /* Controllers */,
			);
			path = HomePage;
			sourceTree = "<group>";
		};
		65303FB72AE84F5400EF5E17 /* ViewModels */ = {
			isa = PBXGroup;
			children = (
				6570AA462ADFD8AD003DC5EB /* HomeCellViewModel.swift */,
			);
			path = ViewModels;
			sourceTree = "<group>";
		};
		65303FB82AE8506D00EF5E17 /* Views */ = {
			isa = PBXGroup;
			children = (
				65DC1D132AD2B398005D8288 /* PromoCollectionView.swift */,
				65DC1D162AD2B678005D8288 /* PromoCollectionViewCell.swift */,
				65C40D002ACAD1D1004D986C /* SmallBoardingsCollectionViewCell.swift */,
				65DC1D092AD2AE1E005D8288 /* MainHeader */,
				65DC1D1A2AD3381E005D8288 /* SectionOne */,
				65DC1D1B2AD3382F005D8288 /* SectionTwo */,
			);
			path = Views;
			sourceTree = "<group>";
		};
		65303FBB2AE853EB00EF5E17 /* SearchResultsPage */ = {
			isa = PBXGroup;
			children = (
				65C40CF52ACAC2D6004D986C /* SearchResultsViewController.swift */,
				65303FBC2AE8540A00EF5E17 /* Views */,
				65303FBD2AE8542300EF5E17 /* ViewModels */,
			);
			path = SearchResultsPage;
			sourceTree = "<group>";
		};
		65303FBC2AE8540A00EF5E17 /* Views */ = {
			isa = PBXGroup;
			children = (
				6563A4672AD494200058A130 /* SearchResultHeaderCollectionReusableView.swift */,
				65C40D0C2ACCD0EE004D986C /* SearchBoardingsResultCollectionViewCell.swift */,
				6563A4642AD48B5A0058A130 /* FilterCollectionViewCell.swift */,
			);
			path = Views;
			sourceTree = "<group>";
		};
		65303FBD2AE8542300EF5E17 /* ViewModels */ = {
			isa = PBXGroup;
			children = (
				6570AA4F2ADFE7D1003DC5EB /* SearchBoardingViewModel.swift */,
			);
			path = ViewModels;
			sourceTree = "<group>";
		};
		65303FBE2AE8697F00EF5E17 /* Controllers */ = {
			isa = PBXGroup;
			children = (
				65C40CEF2ACAC291004D986C /* HomeViewController.swift */,
			);
			path = Controllers;
			sourceTree = "<group>";
		};
		65303FC02AE86A6A00EF5E17 /* OtherControllers */ = {
			isa = PBXGroup;
			children = (
				65DC1D202AD34A85005D8288 /* CatsAndDogsCounterViewController.swift */,
				6553A6832AE6ECDA00C63D4F /* UbahPencarianViewController.swift */,
				65C40D102ACDC182004D986C /* ErrorPageViewController.swift */,
				65257B742ADD469500C6290C /* DatePickerViewController.swift */,
				8F23ED622ADDF6EC00B25026 /* BoardingMapViewController.swift */,
				65303FC72AE9070500EF5E17 /* WelcomeViewController.swift */,
			);
			path = OtherControllers;
			sourceTree = "<group>";
		};
		65303FC12AE86E4800EF5E17 /* FilteringSheet */ = {
			isa = PBXGroup;
			children = (
				8FFEC0302AEA5E52005D790F /* FilterViews */,
				6563A4692AD49EB20058A130 /* FilterSheetViewController.swift */,
			);
			path = FilteringSheet;
			sourceTree = "<group>";
		};
		65303FC22AE86E6A00EF5E17 /* BoardingDetails */ = {
			isa = PBXGroup;
			children = (
				65C40CE92ACAC0E9004D986C /* Views */,
				65C40CE72ACAC0CA004D986C /* ViewModels */,
				65303FC32AE86E9300EF5E17 /* Controllers */,
			);
			path = BoardingDetails;
			sourceTree = "<group>";
		};
		65303FC32AE86E9300EF5E17 /* Controllers */ = {
			isa = PBXGroup;
			children = (
				65C40D0E2ACD7A22004D986C /* BoardingDetailsViewController.swift */,
				8F9ADD9F2AD994B10082E19B /* SegmentedInfoViewController.swift */,
				8FCD93DF2ADA868E004BB490 /* SegmentedReviewViewController.swift */,
			);
			path = Controllers;
			sourceTree = "<group>";
		};
		65303FC42AE8FC0F00EF5E17 /* Features */ = {
			isa = PBXGroup;
			children = (
				8F9C2D8E2AFA454A00D767CD /* ReservationPage */,
				8F9C2D482AF09CCA00D767CD /* ProfilePage */,
				8FFEC03D2AEA618C005D790F /* OnboardingPage */,
				65303FB62AE84F3D00EF5E17 /* HomePage */,
				6530400B2AE9831500EF5E17 /* TambahAnabulProfile */,
				65303FBB2AE853EB00EF5E17 /* SearchResultsPage */,
				65303FC12AE86E4800EF5E17 /* FilteringSheet */,
				65303FC22AE86E6A00EF5E17 /* BoardingDetails */,
			);
			path = Features;
			sourceTree = "<group>";
		};
		6530400B2AE9831500EF5E17 /* TambahAnabulProfile */ = {
			isa = PBXGroup;
			children = (
				6530400C2AE9871900EF5E17 /* TambahProfilAnabulViewController.swift */,
				653040112AE9A02100EF5E17 /* NecessarryFieldLabel.swift */,
				653040132AE9A2FE00EF5E17 /* TambahAnabulTextField.swift */,
				653040152AEA521B00EF5E17 /* ProfileImageViewButton.swift */,
			);
			path = TambahAnabulProfile;
			sourceTree = "<group>";
		};
		6530400E2AE98BD400EF5E17 /* ReusableViews */ = {
			isa = PBXGroup;
			children = (
				6530400F2AE98BF100EF5E17 /* IconView.swift */,
			);
			path = ReusableViews;
			sourceTree = "<group>";
		};
		6563A46B2AD53CE00058A130 /* Experiments */ = {
			isa = PBXGroup;
			children = (
				65303FCE2AE92B2D00EF5E17 /* SheetDuaViewController.swift */,
				8F23ED6C2ADF8B2C00B25026 /* COBAstickysegmentedbar.swift */,
				6563A46C2AD53CF90058A130 /* CobaViewController.swift */,
				6563A4792AD700500058A130 /* MencobaSheetViewController.swift */,
				6584BBBE2ADBDB910023D546 /* CobaTextFieldViewController.swift */,
				65C40D322ACDD3ED004D986C /* CoretanViewController.swift */,
				653040092AE9826100EF5E17 /* CoretanTambahAnabulViewController.swift */,
			);
			path = Experiments;
			sourceTree = "<group>";
		};
		6570AA412ADFD60F003DC5EB /* HomePage */ = {
			isa = PBXGroup;
			children = (
				65257B722ADD3E2800C6290C /* HomeBoardingResponse.swift */,
				6570AA422ADFD662003DC5EB /* SmallBoardingCell.swift */,
			);
			path = HomePage;
			sourceTree = "<group>";
		};
		6570AA4A2ADFE1D4003DC5EB /* SearchPage */ = {
			isa = PBXGroup;
			children = (
				6570AA4B2ADFE28B003DC5EB /* SearchBoardingsResponse.swift */,
				6570AA4D2ADFE326003DC5EB /* MediumBoardingCell.swift */,
			);
			path = SearchPage;
			sourceTree = "<group>";
		};
		6570AA512ADFEDEE003DC5EB /* BoardingDetails */ = {
			isa = PBXGroup;
			children = (
				6570AA522ADFEE53003DC5EB /* BoardingDetailsResponse.swift */,
				6570AA542ADFF06C003DC5EB /* BoardingCage.swift */,
			);
			path = BoardingDetails;
			sourceTree = "<group>";
		};
		65C40CC12ACAA796004D986C = {
			isa = PBXGroup;
			children = (
				65C40CCC2ACAA796004D986C /* MacroZladagApp */,
				65C40CCB2ACAA796004D986C /* Products */,
				70461A21082B83EFCAA6AADD /* Pods */,
				141ACD2AC07824D1F08B448F /* Frameworks */,
				65257B712ADD3D1600C6290C /* Recovered References */,
			);
			sourceTree = "<group>";
		};
		65C40CCB2ACAA796004D986C /* Products */ = {
			isa = PBXGroup;
			children = (
				65C40CCA2ACAA796004D986C /* MacroZladagApp.app */,
			);
			name = Products;
			sourceTree = "<group>";
		};
		65C40CCC2ACAA796004D986C /* MacroZladagApp */ = {
			isa = PBXGroup;
			children = (
				65303FC92AE9072B00EF5E17 /* MacroZladagApp.entitlements */,
				65C40CE12ACAC000004D986C /* Resources */,
				65C40CE42ACAC095004D986C /* Managers */,
				65C40CE82ACAC0D6004D986C /* Models */,
				6530400E2AE98BD400EF5E17 /* ReusableViews */,
				65303FC42AE8FC0F00EF5E17 /* Features */,
				65303FC02AE86A6A00EF5E17 /* OtherControllers */,
				6563A46B2AD53CE00058A130 /* Experiments */,
				65C40CEC2ACAC13E004D986C /* TabBar */,
				65C40CDB2ACAA797004D986C /* Info.plist */,
			);
			path = MacroZladagApp;
			sourceTree = "<group>";
		};
		65C40CE12ACAC000004D986C /* Resources */ = {
			isa = PBXGroup;
			children = (
				65EC8BDC2AE27B8B00CDD359 /* JSONResponseFiles */,
				65C40CCD2ACAA796004D986C /* AppDelegate.swift */,
				65C40CCF2ACAA796004D986C /* SceneDelegate.swift */,
				65C40CE22ACAC035004D986C /* ExtensionUIView.swift */,
				8F9C2D7F2AF946B300D767CD /* ExtensionCollectionViewLayout.swift */,
				65C40D342ACDDD6B004D986C /* ExtensionUIColor.swift */,
				8FFEC0702AEB0A76005D790F /* MyConstants.swift */,
				65C40CD62ACAA797004D986C /* Assets.xcassets */,
				65C40CD82ACAA797004D986C /* LaunchScreen.storyboard */,
			);
			path = Resources;
			sourceTree = "<group>";
		};
		65C40CE42ACAC095004D986C /* Managers */ = {
			isa = PBXGroup;
			children = (
				65303FC52AE905A400EF5E17 /* AuthManager.swift */,
				65C40CE52ACAC0AC004D986C /* APICaller.swift */,
				6570AA582AE04EB4003DC5EB /* Utils.swift */,
				8FFEC0752AEB6A81005D790F /* AppAccountManager.swift */,
				8F9C2D8C2AF9FB9500D767CD /* ProfilePageManager.swift */,
			);
			path = Managers;
			sourceTree = "<group>";
		};
		65C40CE72ACAC0CA004D986C /* ViewModels */ = {
			isa = PBXGroup;
			children = (
				6570AA562ADFF435003DC5EB /* BoardingDetailsViewModel.swift */,
			);
			path = ViewModels;
			sourceTree = "<group>";
		};
		65C40CE82ACAC0D6004D986C /* Models */ = {
			isa = PBXGroup;
			children = (
				8F23EDC22AE4141B00B25026 /* NonApiModel */,
				8F9C2D832AF9F84D00D767CD /* Profile */,
				8FFEC0722AEB3FA3005D790F /* AccountVerification */,
				6570AA412ADFD60F003DC5EB /* HomePage */,
				6570AA4A2ADFE1D4003DC5EB /* SearchPage */,
				6570AA512ADFEDEE003DC5EB /* BoardingDetails */,
				65C40CF92ACACC2C004D986C /* BoardingsResponse */,
				6570AA192ADE8980003DC5EB /* BoardingImage.swift */,
				655B017A2AD9F6DC0016FC81 /* FilterParams.swift */,
				6570AA482ADFE1C6003DC5EB /* SearchPage.swift */,
			);
			path = Models;
			sourceTree = "<group>";
		};
		65C40CE92ACAC0E9004D986C /* Views */ = {
			isa = PBXGroup;
			children = (
				8FFEC0162AEA5B63005D790F /* ReusableViews */,
				8F9ADD9B2AD7CF9A0082E19B /* SegmentedInfoView.swift */,
				8FCD93DD2ADA6B26004BB490 /* TEMPSegmentedInfoViewController.swift */,
				8F9ADD9D2AD7CFB30082E19B /* SegmentedReviewView.swift */,
				8F27AD372AD3DAD200E40ECE /* DateToolTipView.swift */,
				8F9ADDA12AD9A3DE0082E19B /* TestSwiftUIView.swift */,
				65DC1D152AD2B667005D8288 /* CollectionViewCells */,
			);
			path = Views;
			sourceTree = "<group>";
		};
		65C40CEC2ACAC13E004D986C /* TabBar */ = {
			isa = PBXGroup;
			children = (
				65C40CED2ACAC19E004D986C /* TabBarViewController.swift */,
				65C40CF12ACAC298004D986C /* YourOrdersViewController.swift */,
				65C40CF32ACAC2A4004D986C /* AccountViewController.swift */,
			);
			path = TabBar;
			sourceTree = "<group>";
		};
		65C40CF92ACACC2C004D986C /* BoardingsResponse */ = {
			isa = PBXGroup;
			children = (
				65C40CF72ACAC735004D986C /* BoardingsResponse.swift */,
				65C40CFA2ACACC44004D986C /* Boarding.swift */,
				65C40D022ACCA9E5004D986C /* BoardingCategory.swift */,
				65C40D082ACCAE53004D986C /* Subdistrict.swift */,
				6570AA212ADEA19E003DC5EB /* Service.swift */,
				8FCD93E32ADD33FA004BB490 /* Facility.swift */,
				8FCD93E52ADD343C004BB490 /* Policy.swift */,
				6570AA1B2ADE946F003DC5EB /* ServiceCategory.swift */,
				6570AA1D2ADE9C4E003DC5EB /* PetCategory.swift */,
				6570AA1F2ADE9FDB003DC5EB /* BoardingPolicy.swift */,
			);
			path = BoardingsResponse;
			sourceTree = "<group>";
		};
		65DC1D092AD2AE1E005D8288 /* MainHeader */ = {
			isa = PBXGroup;
			children = (
				65DC1D072AD2ADBC005D8288 /* MainHeaderCollectionReusableView.swift */,
				65DC1D0A2AD2AE5F005D8288 /* MainHeaderContainerView.swift */,
				65DC1D0C2AD2AE79005D8288 /* SearchContainerView.swift */,
				65DC1D0E2AD2AEA9005D8288 /* TextFieldView.swift */,
				65DC1D102AD2AF2D005D8288 /* NumberOfCatsAndDogsButton.swift */,
				65DC1D182AD32CCE005D8288 /* SearchButton.swift */,
			);
			path = MainHeader;
			sourceTree = "<group>";
		};
		65DC1D152AD2B667005D8288 /* CollectionViewCells */ = {
			isa = PBXGroup;
			children = (
				8FCD93E12ADAC8C3004BB490 /* BoardingReviewCollectionViewCell.swift */,
				8F9ADD972AD704EF0082E19B /* BoardingPhotoCollectionViewCell.swift */,
			);
			path = CollectionViewCells;
			sourceTree = "<group>";
		};
		65DC1D1A2AD3381E005D8288 /* SectionOne */ = {
			isa = PBXGroup;
			children = (
				65DC1D1C2AD33A4F005D8288 /* SectionOneHeaderCollectionReusableView.swift */,
			);
			path = SectionOne;
			sourceTree = "<group>";
		};
		65DC1D1B2AD3382F005D8288 /* SectionTwo */ = {
			isa = PBXGroup;
			children = (
				65DC1D1E2AD34274005D8288 /* SectionTwoHeaderCollectionReusableView.swift */,
			);
			path = SectionTwo;
			sourceTree = "<group>";
		};
		65EC8BDC2AE27B8B00CDD359 /* JSONResponseFiles */ = {
			isa = PBXGroup;
			children = (
				65EC8BDF2AE27D9500CDD359 /* GetHome.json */,
				65EC8BE02AE27D9500CDD359 /* GetOneBoardingDetails.json */,
				65EC8BE12AE27D9500CDD359 /* GetSearch.json */,
			);
			path = JSONResponseFiles;
			sourceTree = "<group>";
		};
		70461A21082B83EFCAA6AADD /* Pods */ = {
			isa = PBXGroup;
			children = (
				DD7F02616DBF5790C89BA81C /* Pods-MacroZladagApp.debug.xcconfig */,
				E6EC42BD3B1212AFBDB47D42 /* Pods-MacroZladagApp.release.xcconfig */,
			);
			path = Pods;
			sourceTree = "<group>";
		};
		8F23EDC22AE4141B00B25026 /* NonApiModel */ = {
			isa = PBXGroup;
			children = (
				8F9C2D7C2AF932CA00D767CD /* UImodel */,
				8F23EDBE2AE410A400B25026 /* User.swift */,
				8F23EDC02AE410B000B25026 /* Pet.swift */,
				8F23EDC32AE41CCF00B25026 /* Order.swift */,
			);
			path = NonApiModel;
			sourceTree = "<group>";
		};
		8F9C2D482AF09CCA00D767CD /* ProfilePage */ = {
			isa = PBXGroup;
			children = (
				8F9C2D732AF8FA4A00D767CD /* TableViewCell */,
				8F9C2D582AF39A1A00D767CD /* CollectionViewCell */,
				8F9C2D512AF26D5F00D767CD /* View */,
				8F9C2D4C2AF0F09A00D767CD /* ReusableViews */,
				8F9C2D4B2AF09D3500D767CD /* Controllers */,
			);
			path = ProfilePage;
			sourceTree = "<group>";
		};
		8F9C2D4B2AF09D3500D767CD /* Controllers */ = {
			isa = PBXGroup;
			children = (
				8F9C2D492AF09D0000D767CD /* ProfileViewController.swift */,
				8F9C2D5F2AF5124A00D767CD /* ProfilePetListDetailsViewController.swift */,
				8F9C2D782AF8FC9C00D767CD /* PetFacilityPrefCollectionViewController.swift */,
				8F9C2D7D2AF9335600D767CD /* PetHabitsCollectionViewController.swift */,
			);
			path = Controllers;
			sourceTree = "<group>";
		};
		8F9C2D4C2AF0F09A00D767CD /* ReusableViews */ = {
			isa = PBXGroup;
			children = (
				8F9C2D4D2AF0F15300D767CD /* ProfilePhotoWithTitle.swift */,
				8F9C2D4F2AF0F9E500D767CD /* ProfileIconLabel.swift */,
				8F9C2D542AF3127B00D767CD /* IconButtonTinted.swift */,
			);
			path = ReusableViews;
			sourceTree = "<group>";
		};
		8F9C2D512AF26D5F00D767CD /* View */ = {
			isa = PBXGroup;
			children = (
				8F9C2D522AF26F1300D767CD /* ProfileArrowMenu.swift */,
				8F9C2D612AF7630000D767CD /* PetNameCard.swift */,
				8F9C2D632AF7679B00D767CD /* GenderTag.swift */,
				8F9C2D692AF7DDDC00D767CD /* PetBiodataView.swift */,
				8F9C2D652AF77C7100D767CD /* InfoContainer.swift */,
			);
			path = View;
			sourceTree = "<group>";
		};
		8F9C2D582AF39A1A00D767CD /* CollectionViewCell */ = {
			isa = PBXGroup;
			children = (
				8F9C2D742AF8FA9F00D767CD /* PetFacilityPrefCollectionViewCell.swift */,
				8F9C2D762AF8FAD800D767CD /* PetHabitsCollectionViewCell.swift */,
			);
			path = CollectionViewCell;
			sourceTree = "<group>";
		};
		8F9C2D732AF8FA4A00D767CD /* TableViewCell */ = {
			isa = PBXGroup;
			children = (
				8F9C2D712AF8927900D767CD /* ProfilePetTableViewCell.swift */,
			);
			path = TableViewCell;
			sourceTree = "<group>";
		};
		8F9C2D7C2AF932CA00D767CD /* UImodel */ = {
			isa = PBXGroup;
			children = (
				8F9C2D7A2AF92F2B00D767CD /* LeftAlignedCollectionViewFlowLayout.swift */,
			);
			path = UImodel;
			sourceTree = "<group>";
		};
		8F9C2D832AF9F84D00D767CD /* Profile */ = {
			isa = PBXGroup;
			children = (
				8F9C2D842AF9F88C00D767CD /* UserProfile.swift */,
				8F9C2D862AF9F89600D767CD /* PetProfile.swift */,
				8F9C2D882AF9F8A400D767CD /* PetProfileDetails.swift */,
				8F9C2D8A2AF9FAB300D767CD /* Habit.swift */,
			);
			path = Profile;
			sourceTree = "<group>";
		};
		8F9C2D8E2AFA454A00D767CD /* ReservationPage */ = {
			isa = PBXGroup;
			children = (
				8F9C2D922AFA9AE100D767CD /* View */,
				8F9C2D8F2AFA455E00D767CD /* Controller */,
			);
			path = ReservationPage;
			sourceTree = "<group>";
		};
		8F9C2D8F2AFA455E00D767CD /* Controller */ = {
			isa = PBXGroup;
			children = (
				8F9C2D902AFA457A00D767CD /* ReservationViewController.swift */,
				8F9C2D952AFB77FF00D767CD /* RangeDatePickerViewController.swift */,
			);
			path = Controller;
			sourceTree = "<group>";
		};
		8F9C2D922AFA9AE100D767CD /* View */ = {
			isa = PBXGroup;
			children = (
				8F9C2D932AFA9AFE00D767CD /* HeaderInputButton.swift */,
			);
			path = View;
			sourceTree = "<group>";
		};
		8FFEC0162AEA5B63005D790F /* ReusableViews */ = {
			isa = PBXGroup;
			children = (
				8FFEC0172AEA5C3D005D790F /* PrimaryButtonFilled.swift */,
				8FFEC0192AEA5C8E005D790F /* PhoneNumTextField.swift */,
				8FFEC01B2AEA5CC7005D790F /* OnboardPromptLabelButton.swift */,
				8FFEC0932AEDBCD7005D790F /* OnboardPhoneNumInput.swift */,
				8FFEC01F2AEA5D16005D790F /* OnboardHeader.swift */,
				8FFEC0212AEA5D43005D790F /* OnboardButtonOutline.swift */,
				8FFEC01D2AEA5CF2005D790F /* OtpTextField.swift */,
				8F9C2D3C2AEEEEFA00D767CD /* OptionDivider.swift */,
			);
			path = ReusableViews;
			sourceTree = "<group>";
		};
		8FFEC0302AEA5E52005D790F /* FilterViews */ = {
			isa = PBXGroup;
			children = (
				8FFEC0342AEA5EE5005D790F /* FasilitasContainerButton.swift */,
				8FFEC0322AEA5EE5005D790F /* KategoriButton.swift */,
				8FFEC0312AEA5EE5005D790F /* KekhususanSwitch.swift */,
				8FFEC0362AEA5EE5005D790F /* SectionViews.swift */,
				8FFEC0352AEA5EE5005D790F /* SimpanButtonView.swift */,
				8FFEC0332AEA5EE5005D790F /* UrutkanFilterButton.swift */,
			);
			path = FilterViews;
			sourceTree = "<group>";
		};
		8FFEC03D2AEA618C005D790F /* OnboardingPage */ = {
			isa = PBXGroup;
			children = (
				8FFEC03E2AEA61B6005D790F /* CreateAccountViewController.swift */,
				8FFEC0402AEA61DF005D790F /* OnboardingFormViewController.swift */,
				8FFEC0422AEA6202005D790F /* OtpVerificationViewController.swift */,
				8FFEC0442AEA6220005D790F /* SignInByWhatsappViewController.swift */,
				8FFEC0462AEA6257005D790F /* SignInViewController.swift */,
			);
			path = OnboardingPage;
			sourceTree = "<group>";
		};
		8FFEC0722AEB3FA3005D790F /* AccountVerification */ = {
			isa = PBXGroup;
			children = (
				8FFEC0732AEB4002005D790F /* SearchAccByPhoneResponse.swift */,
				8FFEC0912AEDBB35005D790F /* VerificationCodeResponse.swift */,
				8FFEC0952AEE7133005D790F /* ErrorResponse.swift */,
				8FFEC0972AEE7149005D790F /* SuccessResponse.swift */,
				8FFEC0992AEE75BD005D790F /* SignInResponse.swift */,
				8FFEC09D2AEEBC2E005D790F /* SignUpResponse.swift */,
				8F9C2D402AEFFD8900D767CD /* SignUpBody.swift */,
				8F9C2D422AF0019E00D767CD /* SignInPhoneBody.swift */,
				8F9C2D442AF0020A00D767CD /* ValidatePhoneCodeBody.swift */,
				8F9C2D462AF0024B00D767CD /* SendPhoneCodeBody.swift */,
			);
			path = AccountVerification;
			sourceTree = "<group>";
		};
/* End PBXGroup section */

/* Begin PBXNativeTarget section */
		65C40CC92ACAA796004D986C /* MacroZladagApp */ = {
			isa = PBXNativeTarget;
			buildConfigurationList = 65C40CDE2ACAA797004D986C /* Build configuration list for PBXNativeTarget "MacroZladagApp" */;
			buildPhases = (
				44A5BBA81CD8B509000A5924 /* [CP] Check Pods Manifest.lock */,
				65C40CC62ACAA796004D986C /* Sources */,
				65C40CC72ACAA796004D986C /* Frameworks */,
				65C40CC82ACAA796004D986C /* Resources */,
				1F22AFDE317685A173D1A55C /* [CP] Embed Pods Frameworks */,
			);
			buildRules = (
			);
			dependencies = (
			);
			name = MacroZladagApp;
			productName = MacroZladagApp;
			productReference = 65C40CCA2ACAA796004D986C /* MacroZladagApp.app */;
			productType = "com.apple.product-type.application";
		};
/* End PBXNativeTarget section */

/* Begin PBXProject section */
		65C40CC22ACAA796004D986C /* Project object */ = {
			isa = PBXProject;
			attributes = {
				BuildIndependentTargetsInParallel = 1;
				LastSwiftUpdateCheck = 1430;
				LastUpgradeCheck = 1430;
				TargetAttributes = {
					65C40CC92ACAA796004D986C = {
						CreatedOnToolsVersion = 14.3.1;
					};
				};
			};
			buildConfigurationList = 65C40CC52ACAA796004D986C /* Build configuration list for PBXProject "MacroZladagApp" */;
			compatibilityVersion = "Xcode 14.0";
			developmentRegion = en;
			hasScannedForEncodings = 0;
			knownRegions = (
				en,
				Base,
			);
			mainGroup = 65C40CC12ACAA796004D986C;
			productRefGroup = 65C40CCB2ACAA796004D986C /* Products */;
			projectDirPath = "";
			projectRoot = "";
			targets = (
				65C40CC92ACAA796004D986C /* MacroZladagApp */,
			);
		};
/* End PBXProject section */

/* Begin PBXResourcesBuildPhase section */
		65C40CC82ACAA796004D986C /* Resources */ = {
			isa = PBXResourcesBuildPhase;
			buildActionMask = 2147483647;
			files = (
				65EC8BE32AE27D9500CDD359 /* GetOneBoardingDetails.json in Resources */,
				65EC8BE42AE27D9500CDD359 /* GetSearch.json in Resources */,
				65C40CDA2ACAA797004D986C /* LaunchScreen.storyboard in Resources */,
				65C40CD72ACAA797004D986C /* Assets.xcassets in Resources */,
				65EC8BE22AE27D9500CDD359 /* GetHome.json in Resources */,
			);
			runOnlyForDeploymentPostprocessing = 0;
		};
/* End PBXResourcesBuildPhase section */

/* Begin PBXShellScriptBuildPhase section */
		1F22AFDE317685A173D1A55C /* [CP] Embed Pods Frameworks */ = {
			isa = PBXShellScriptBuildPhase;
			buildActionMask = 2147483647;
			files = (
			);
			inputFileListPaths = (
				"${PODS_ROOT}/Target Support Files/Pods-MacroZladagApp/Pods-MacroZladagApp-frameworks-${CONFIGURATION}-input-files.xcfilelist",
			);
			name = "[CP] Embed Pods Frameworks";
			outputFileListPaths = (
				"${PODS_ROOT}/Target Support Files/Pods-MacroZladagApp/Pods-MacroZladagApp-frameworks-${CONFIGURATION}-output-files.xcfilelist",
			);
			runOnlyForDeploymentPostprocessing = 0;
			shellPath = /bin/sh;
			shellScript = "\"${PODS_ROOT}/Target Support Files/Pods-MacroZladagApp/Pods-MacroZladagApp-frameworks.sh\"\n";
			showEnvVarsInLog = 0;
		};
		44A5BBA81CD8B509000A5924 /* [CP] Check Pods Manifest.lock */ = {
			isa = PBXShellScriptBuildPhase;
			buildActionMask = 2147483647;
			files = (
			);
			inputFileListPaths = (
			);
			inputPaths = (
				"${PODS_PODFILE_DIR_PATH}/Podfile.lock",
				"${PODS_ROOT}/Manifest.lock",
			);
			name = "[CP] Check Pods Manifest.lock";
			outputFileListPaths = (
			);
			outputPaths = (
				"$(DERIVED_FILE_DIR)/Pods-MacroZladagApp-checkManifestLockResult.txt",
			);
			runOnlyForDeploymentPostprocessing = 0;
			shellPath = /bin/sh;
			shellScript = "diff \"${PODS_PODFILE_DIR_PATH}/Podfile.lock\" \"${PODS_ROOT}/Manifest.lock\" > /dev/null\nif [ $? != 0 ] ; then\n    # print error to STDERR\n    echo \"error: The sandbox is not in sync with the Podfile.lock. Run 'pod install' or update your CocoaPods installation.\" >&2\n    exit 1\nfi\n# This output is used by Xcode 'outputs' to avoid re-running this script phase.\necho \"SUCCESS\" > \"${SCRIPT_OUTPUT_FILE_0}\"\n";
			showEnvVarsInLog = 0;
		};
/* End PBXShellScriptBuildPhase section */

/* Begin PBXSourcesBuildPhase section */
		65C40CC62ACAA796004D986C /* Sources */ = {
			isa = PBXSourcesBuildPhase;
			buildActionMask = 2147483647;
			files = (
				8F9C2D6A2AF7DDDC00D767CD /* PetBiodataView.swift in Sources */,
				65C40CFB2ACACC44004D986C /* Boarding.swift in Sources */,
				8F23EDC42AE41CCF00B25026 /* Order.swift in Sources */,
				65DC1D1D2AD33A4F005D8288 /* SectionOneHeaderCollectionReusableView.swift in Sources */,
				8FFEC09A2AEE75BD005D790F /* SignInResponse.swift in Sources */,
				8F9C2D7B2AF92F2B00D767CD /* LeftAlignedCollectionViewFlowLayout.swift in Sources */,
				6570AA202ADE9FDB003DC5EB /* BoardingPolicy.swift in Sources */,
				8FFEC0452AEA6220005D790F /* SignInByWhatsappViewController.swift in Sources */,
				8F9ADD9E2AD7CFB30082E19B /* SegmentedReviewView.swift in Sources */,
				8FCD93E62ADD343C004BB490 /* Policy.swift in Sources */,
				65C40D012ACAD1D1004D986C /* SmallBoardingsCollectionViewCell.swift in Sources */,
				6570AA492ADFE1C6003DC5EB /* SearchPage.swift in Sources */,
				8F9ADD982AD704EF0082E19B /* BoardingPhotoCollectionViewCell.swift in Sources */,
				8F9C2D872AF9F89600D767CD /* PetProfile.swift in Sources */,
				65DC1D1F2AD34274005D8288 /* SectionTwoHeaderCollectionReusableView.swift in Sources */,
				65C40D0F2ACD7A22004D986C /* BoardingDetailsViewController.swift in Sources */,
				6570AA472ADFD8AD003DC5EB /* HomeCellViewModel.swift in Sources */,
				8F9C2D4E2AF0F15300D767CD /* ProfilePhotoWithTitle.swift in Sources */,
				8F9C2D802AF946B300D767CD /* ExtensionCollectionViewLayout.swift in Sources */,
				6570AA572ADFF435003DC5EB /* BoardingDetailsViewModel.swift in Sources */,
				65303FC82AE9070500EF5E17 /* WelcomeViewController.swift in Sources */,
				8F9C2D892AF9F8A400D767CD /* PetProfileDetails.swift in Sources */,
				8FFEC0762AEB6A81005D790F /* AppAccountManager.swift in Sources */,
				65C40CF02ACAC291004D986C /* HomeViewController.swift in Sources */,
				65DC1D172AD2B678005D8288 /* PromoCollectionViewCell.swift in Sources */,
				8FFEC03B2AEA5EE5005D790F /* SimpanButtonView.swift in Sources */,
				8F9C2D502AF0F9E500D767CD /* ProfileIconLabel.swift in Sources */,
				653040162AEA521B00EF5E17 /* ProfileImageViewButton.swift in Sources */,
				8F9C2D662AF77C7100D767CD /* InfoContainer.swift in Sources */,
				65C40D092ACCAE53004D986C /* Subdistrict.swift in Sources */,
				8FCD93E42ADD33FA004BB490 /* Facility.swift in Sources */,
				8FFEC0922AEDBB35005D790F /* VerificationCodeResponse.swift in Sources */,
				6584BBBF2ADBDB910023D546 /* CobaTextFieldViewController.swift in Sources */,
				8FFEC0942AEDBCD7005D790F /* OnboardPhoneNumInput.swift in Sources */,
				65C40CF42ACAC2A4004D986C /* AccountViewController.swift in Sources */,
				8F9C2D622AF7630000D767CD /* PetNameCard.swift in Sources */,
				65DC1D192AD32CCE005D8288 /* SearchButton.swift in Sources */,
				8FFEC0222AEA5D43005D790F /* OnboardButtonOutline.swift in Sources */,
				8F9ADDA22AD9A3DE0082E19B /* TestSwiftUIView.swift in Sources */,
				8FFEC03A2AEA5EE5005D790F /* FasilitasContainerButton.swift in Sources */,
				6570AA1E2ADE9C4E003DC5EB /* PetCategory.swift in Sources */,
				8FFEC0372AEA5EE5005D790F /* KekhususanSwitch.swift in Sources */,
				8FFEC03F2AEA61B6005D790F /* CreateAccountViewController.swift in Sources */,
				8FFEC03C2AEA5EE5005D790F /* SectionViews.swift in Sources */,
				8FFEC0392AEA5EE5005D790F /* UrutkanFilterButton.swift in Sources */,
				8F9C2D4A2AF09D0000D767CD /* ProfileViewController.swift in Sources */,
				8FFEC0432AEA6202005D790F /* OtpVerificationViewController.swift in Sources */,
				65DC1D0F2AD2AEA9005D8288 /* TextFieldView.swift in Sources */,
				6563A46D2AD53CF90058A130 /* CobaViewController.swift in Sources */,
				8F23EDBF2AE410A400B25026 /* User.swift in Sources */,
				65DC1D212AD34A85005D8288 /* CatsAndDogsCounterViewController.swift in Sources */,
				6563A47A2AD700500058A130 /* MencobaSheetViewController.swift in Sources */,
				65DC1D142AD2B398005D8288 /* PromoCollectionView.swift in Sources */,
				65C40CE32ACAC035004D986C /* ExtensionUIView.swift in Sources */,
				8F27AD382AD3DAD200E40ECE /* DateToolTipView.swift in Sources */,
				8FCD93DE2ADA6B26004BB490 /* TEMPSegmentedInfoViewController.swift in Sources */,
				8FFEC0742AEB4002005D790F /* SearchAccByPhoneResponse.swift in Sources */,
				6570AA502ADFE7D1003DC5EB /* SearchBoardingViewModel.swift in Sources */,
				65C40D032ACCA9E5004D986C /* BoardingCategory.swift in Sources */,
				65303FC62AE905A400EF5E17 /* AuthManager.swift in Sources */,
				8F23EDC12AE410B000B25026 /* Pet.swift in Sources */,
				8F9ADDA02AD994B10082E19B /* SegmentedInfoViewController.swift in Sources */,
				6563A4682AD494200058A130 /* SearchResultHeaderCollectionReusableView.swift in Sources */,
				8F9C2D8B2AF9FAB300D767CD /* Habit.swift in Sources */,
				8FFEC0202AEA5D16005D790F /* OnboardHeader.swift in Sources */,
				65C40CCE2ACAA796004D986C /* AppDelegate.swift in Sources */,
				65C40D332ACDD3ED004D986C /* CoretanViewController.swift in Sources */,
				8F9C2D772AF8FAD800D767CD /* PetHabitsCollectionViewCell.swift in Sources */,
				8F9C2D792AF8FC9C00D767CD /* PetFacilityPrefCollectionViewController.swift in Sources */,
				65C40D0D2ACCD0EE004D986C /* SearchBoardingsResultCollectionViewCell.swift in Sources */,
				8FFEC01C2AEA5CC8005D790F /* OnboardPromptLabelButton.swift in Sources */,
				6563A4652AD48B5A0058A130 /* FilterCollectionViewCell.swift in Sources */,
				8F9C2D3D2AEEEEFA00D767CD /* OptionDivider.swift in Sources */,
				65257B752ADD469500C6290C /* DatePickerViewController.swift in Sources */,
				65257B732ADD3E2800C6290C /* HomeBoardingResponse.swift in Sources */,
				6570AA222ADEA19E003DC5EB /* Service.swift in Sources */,
				653040102AE98BF100EF5E17 /* IconView.swift in Sources */,
				6530400A2AE9826100EF5E17 /* CoretanTambahAnabulViewController.swift in Sources */,
				6570AA1C2ADE946F003DC5EB /* ServiceCategory.swift in Sources */,
				65DC1D112AD2AF2D005D8288 /* NumberOfCatsAndDogsButton.swift in Sources */,
				65DC1D0B2AD2AE5F005D8288 /* MainHeaderContainerView.swift in Sources */,
				8F9ADD9C2AD7CF9A0082E19B /* SegmentedInfoView.swift in Sources */,
				65C40D352ACDDD6B004D986C /* ExtensionUIColor.swift in Sources */,
				8FCD93E02ADA868E004BB490 /* SegmentedReviewViewController.swift in Sources */,
				8F9C2D7E2AF9335600D767CD /* PetHabitsCollectionViewController.swift in Sources */,
				8F9C2D452AF0020A00D767CD /* ValidatePhoneCodeBody.swift in Sources */,
				6570AA532ADFEE53003DC5EB /* BoardingDetailsResponse.swift in Sources */,
				8F9C2D752AF8FA9F00D767CD /* PetFacilityPrefCollectionViewCell.swift in Sources */,
				6570AA552ADFF06C003DC5EB /* BoardingCage.swift in Sources */,
				8F9C2D722AF8927900D767CD /* ProfilePetTableViewCell.swift in Sources */,
				65C40CF82ACAC735004D986C /* BoardingsResponse.swift in Sources */,
				8FFEC01A2AEA5C8E005D790F /* PhoneNumTextField.swift in Sources */,
				655B017B2AD9F6DC0016FC81 /* FilterParams.swift in Sources */,
				8FFEC0412AEA61DF005D790F /* OnboardingFormViewController.swift in Sources */,
				6570AA432ADFD662003DC5EB /* SmallBoardingCell.swift in Sources */,
				65C40CD02ACAA796004D986C /* SceneDelegate.swift in Sources */,
				8F9C2D432AF0019E00D767CD /* SignInPhoneBody.swift in Sources */,
				8FCD93E22ADAC8C3004BB490 /* BoardingReviewCollectionViewCell.swift in Sources */,
				8F23ED632ADDF6EC00B25026 /* BoardingMapViewController.swift in Sources */,
				65DC1D082AD2ADBC005D8288 /* MainHeaderCollectionReusableView.swift in Sources */,
				8F9C2D8D2AF9FB9500D767CD /* ProfilePageManager.swift in Sources */,
				65C40D112ACDC182004D986C /* ErrorPageViewController.swift in Sources */,
				8FFEC0382AEA5EE5005D790F /* KategoriButton.swift in Sources */,
				8F23ED6D2ADF8B2C00B25026 /* COBAstickysegmentedbar.swift in Sources */,
				8FFEC0182AEA5C3D005D790F /* PrimaryButtonFilled.swift in Sources */,
				6570AA1A2ADE8980003DC5EB /* BoardingImage.swift in Sources */,
				8F9C2D602AF5124A00D767CD /* ProfilePetListDetailsViewController.swift in Sources */,
				65C40CF62ACAC2D6004D986C /* SearchResultsViewController.swift in Sources */,
				8FFEC01E2AEA5CF2005D790F /* OtpTextField.swift in Sources */,
				65C40CEE2ACAC19E004D986C /* TabBarViewController.swift in Sources */,
				8F9C2D962AFB77FF00D767CD /* RangeDatePickerViewController.swift in Sources */,
				65DC1D0D2AD2AE79005D8288 /* SearchContainerView.swift in Sources */,
				8F9C2D412AEFFD8900D767CD /* SignUpBody.swift in Sources */,
				65303FCF2AE92B2D00EF5E17 /* SheetDuaViewController.swift in Sources */,
				8F9C2D642AF7679B00D767CD /* GenderTag.swift in Sources */,
				653040122AE9A02100EF5E17 /* NecessarryFieldLabel.swift in Sources */,
				8FFEC0472AEA6257005D790F /* SignInViewController.swift in Sources */,
				8FFEC0962AEE7133005D790F /* ErrorResponse.swift in Sources */,
				6570AA4E2ADFE326003DC5EB /* MediumBoardingCell.swift in Sources */,
				8F9C2D552AF3127B00D767CD /* IconButtonTinted.swift in Sources */,
				8F9C2D912AFA457A00D767CD /* ReservationViewController.swift in Sources */,
				8F9C2D852AF9F88C00D767CD /* UserProfile.swift in Sources */,
				653040142AE9A2FE00EF5E17 /* TambahAnabulTextField.swift in Sources */,
				8F9C2D532AF26F1300D767CD /* ProfileArrowMenu.swift in Sources */,
				6563A46A2AD49EB20058A130 /* FilterSheetViewController.swift in Sources */,
				65C40CE62ACAC0AC004D986C /* APICaller.swift in Sources */,
				6570AA592AE04EB4003DC5EB /* Utils.swift in Sources */,
				6553A6842AE6ECDA00C63D4F /* UbahPencarianViewController.swift in Sources */,
				8FFEC09E2AEEBC2E005D790F /* SignUpResponse.swift in Sources */,
				65C40CF22ACAC298004D986C /* YourOrdersViewController.swift in Sources */,
				8FFEC0712AEB0A76005D790F /* MyConstants.swift in Sources */,
				6530400D2AE9871900EF5E17 /* TambahProfilAnabulViewController.swift in Sources */,
				8FFEC0982AEE7149005D790F /* SuccessResponse.swift in Sources */,
				6570AA4C2ADFE28B003DC5EB /* SearchBoardingsResponse.swift in Sources */,
				8F9C2D472AF0024B00D767CD /* SendPhoneCodeBody.swift in Sources */,
				8F9C2D942AFA9AFE00D767CD /* HeaderInputButton.swift in Sources */,
			);
			runOnlyForDeploymentPostprocessing = 0;
		};
/* End PBXSourcesBuildPhase section */

/* Begin PBXVariantGroup section */
		65C40CD82ACAA797004D986C /* LaunchScreen.storyboard */ = {
			isa = PBXVariantGroup;
			children = (
				65C40CD92ACAA797004D986C /* Base */,
			);
			name = LaunchScreen.storyboard;
			sourceTree = "<group>";
		};
/* End PBXVariantGroup section */

/* Begin XCBuildConfiguration section */
		65C40CDC2ACAA797004D986C /* Debug */ = {
			isa = XCBuildConfiguration;
			buildSettings = {
				ALWAYS_SEARCH_USER_PATHS = NO;
				CLANG_ANALYZER_NONNULL = YES;
				CLANG_ANALYZER_NUMBER_OBJECT_CONVERSION = YES_AGGRESSIVE;
				CLANG_CXX_LANGUAGE_STANDARD = "gnu++20";
				CLANG_ENABLE_MODULES = YES;
				CLANG_ENABLE_OBJC_ARC = YES;
				CLANG_ENABLE_OBJC_WEAK = YES;
				CLANG_WARN_BLOCK_CAPTURE_AUTORELEASING = YES;
				CLANG_WARN_BOOL_CONVERSION = YES;
				CLANG_WARN_COMMA = YES;
				CLANG_WARN_CONSTANT_CONVERSION = YES;
				CLANG_WARN_DEPRECATED_OBJC_IMPLEMENTATIONS = YES;
				CLANG_WARN_DIRECT_OBJC_ISA_USAGE = YES_ERROR;
				CLANG_WARN_DOCUMENTATION_COMMENTS = YES;
				CLANG_WARN_EMPTY_BODY = YES;
				CLANG_WARN_ENUM_CONVERSION = YES;
				CLANG_WARN_INFINITE_RECURSION = YES;
				CLANG_WARN_INT_CONVERSION = YES;
				CLANG_WARN_NON_LITERAL_NULL_CONVERSION = YES;
				CLANG_WARN_OBJC_IMPLICIT_RETAIN_SELF = YES;
				CLANG_WARN_OBJC_LITERAL_CONVERSION = YES;
				CLANG_WARN_OBJC_ROOT_CLASS = YES_ERROR;
				CLANG_WARN_QUOTED_INCLUDE_IN_FRAMEWORK_HEADER = YES;
				CLANG_WARN_RANGE_LOOP_ANALYSIS = YES;
				CLANG_WARN_STRICT_PROTOTYPES = YES;
				CLANG_WARN_SUSPICIOUS_MOVE = YES;
				CLANG_WARN_UNGUARDED_AVAILABILITY = YES_AGGRESSIVE;
				CLANG_WARN_UNREACHABLE_CODE = YES;
				CLANG_WARN__DUPLICATE_METHOD_MATCH = YES;
				COPY_PHASE_STRIP = NO;
				DEBUG_INFORMATION_FORMAT = dwarf;
				ENABLE_STRICT_OBJC_MSGSEND = YES;
				ENABLE_TESTABILITY = YES;
				GCC_C_LANGUAGE_STANDARD = gnu11;
				GCC_DYNAMIC_NO_PIC = NO;
				GCC_NO_COMMON_BLOCKS = YES;
				GCC_OPTIMIZATION_LEVEL = 0;
				GCC_PREPROCESSOR_DEFINITIONS = (
					"DEBUG=1",
					"$(inherited)",
				);
				GCC_WARN_64_TO_32_BIT_CONVERSION = YES;
				GCC_WARN_ABOUT_RETURN_TYPE = YES_ERROR;
				GCC_WARN_UNDECLARED_SELECTOR = YES;
				GCC_WARN_UNINITIALIZED_AUTOS = YES_AGGRESSIVE;
				GCC_WARN_UNUSED_FUNCTION = YES;
				GCC_WARN_UNUSED_VARIABLE = YES;
				IPHONEOS_DEPLOYMENT_TARGET = 16.4;
				MTL_ENABLE_DEBUG_INFO = INCLUDE_SOURCE;
				MTL_FAST_MATH = YES;
				ONLY_ACTIVE_ARCH = YES;
				SDKROOT = iphoneos;
				SWIFT_ACTIVE_COMPILATION_CONDITIONS = DEBUG;
				SWIFT_OPTIMIZATION_LEVEL = "-Onone";
			};
			name = Debug;
		};
		65C40CDD2ACAA797004D986C /* Release */ = {
			isa = XCBuildConfiguration;
			buildSettings = {
				ALWAYS_SEARCH_USER_PATHS = NO;
				CLANG_ANALYZER_NONNULL = YES;
				CLANG_ANALYZER_NUMBER_OBJECT_CONVERSION = YES_AGGRESSIVE;
				CLANG_CXX_LANGUAGE_STANDARD = "gnu++20";
				CLANG_ENABLE_MODULES = YES;
				CLANG_ENABLE_OBJC_ARC = YES;
				CLANG_ENABLE_OBJC_WEAK = YES;
				CLANG_WARN_BLOCK_CAPTURE_AUTORELEASING = YES;
				CLANG_WARN_BOOL_CONVERSION = YES;
				CLANG_WARN_COMMA = YES;
				CLANG_WARN_CONSTANT_CONVERSION = YES;
				CLANG_WARN_DEPRECATED_OBJC_IMPLEMENTATIONS = YES;
				CLANG_WARN_DIRECT_OBJC_ISA_USAGE = YES_ERROR;
				CLANG_WARN_DOCUMENTATION_COMMENTS = YES;
				CLANG_WARN_EMPTY_BODY = YES;
				CLANG_WARN_ENUM_CONVERSION = YES;
				CLANG_WARN_INFINITE_RECURSION = YES;
				CLANG_WARN_INT_CONVERSION = YES;
				CLANG_WARN_NON_LITERAL_NULL_CONVERSION = YES;
				CLANG_WARN_OBJC_IMPLICIT_RETAIN_SELF = YES;
				CLANG_WARN_OBJC_LITERAL_CONVERSION = YES;
				CLANG_WARN_OBJC_ROOT_CLASS = YES_ERROR;
				CLANG_WARN_QUOTED_INCLUDE_IN_FRAMEWORK_HEADER = YES;
				CLANG_WARN_RANGE_LOOP_ANALYSIS = YES;
				CLANG_WARN_STRICT_PROTOTYPES = YES;
				CLANG_WARN_SUSPICIOUS_MOVE = YES;
				CLANG_WARN_UNGUARDED_AVAILABILITY = YES_AGGRESSIVE;
				CLANG_WARN_UNREACHABLE_CODE = YES;
				CLANG_WARN__DUPLICATE_METHOD_MATCH = YES;
				COPY_PHASE_STRIP = NO;
				DEBUG_INFORMATION_FORMAT = "dwarf-with-dsym";
				ENABLE_NS_ASSERTIONS = NO;
				ENABLE_STRICT_OBJC_MSGSEND = YES;
				GCC_C_LANGUAGE_STANDARD = gnu11;
				GCC_NO_COMMON_BLOCKS = YES;
				GCC_WARN_64_TO_32_BIT_CONVERSION = YES;
				GCC_WARN_ABOUT_RETURN_TYPE = YES_ERROR;
				GCC_WARN_UNDECLARED_SELECTOR = YES;
				GCC_WARN_UNINITIALIZED_AUTOS = YES_AGGRESSIVE;
				GCC_WARN_UNUSED_FUNCTION = YES;
				GCC_WARN_UNUSED_VARIABLE = YES;
				IPHONEOS_DEPLOYMENT_TARGET = 16.4;
				MTL_ENABLE_DEBUG_INFO = NO;
				MTL_FAST_MATH = YES;
				SDKROOT = iphoneos;
				SWIFT_COMPILATION_MODE = wholemodule;
				SWIFT_OPTIMIZATION_LEVEL = "-O";
				VALIDATE_PRODUCT = YES;
			};
			name = Release;
		};
		65C40CDF2ACAA797004D986C /* Debug */ = {
			isa = XCBuildConfiguration;
			baseConfigurationReference = DD7F02616DBF5790C89BA81C /* Pods-MacroZladagApp.debug.xcconfig */;
			buildSettings = {
				ASSETCATALOG_COMPILER_APPICON_NAME = AppIcon;
				ASSETCATALOG_COMPILER_GLOBAL_ACCENT_COLOR_NAME = AccentColor;
				CODE_SIGN_ENTITLEMENTS = MacroZladagApp/MacroZladagApp.entitlements;
				CODE_SIGN_STYLE = Automatic;
				CURRENT_PROJECT_VERSION = 1;
				DEVELOPMENT_TEAM = Y9B3P2YJJC;
				GENERATE_INFOPLIST_FILE = YES;
				INFOPLIST_FILE = MacroZladagApp/Info.plist;
				INFOPLIST_KEY_UIApplicationSupportsIndirectInputEvents = YES;
				INFOPLIST_KEY_UILaunchStoryboardName = LaunchScreen;
				INFOPLIST_KEY_UISupportedInterfaceOrientations_iPad = "UIInterfaceOrientationPortrait UIInterfaceOrientationPortraitUpsideDown UIInterfaceOrientationLandscapeLeft UIInterfaceOrientationLandscapeRight";
				INFOPLIST_KEY_UISupportedInterfaceOrientations_iPhone = "UIInterfaceOrientationPortrait UIInterfaceOrientationLandscapeLeft UIInterfaceOrientationLandscapeRight";
				LD_RUNPATH_SEARCH_PATHS = (
					"$(inherited)",
					"@executable_path/Frameworks",
				);
				MARKETING_VERSION = 1.0;
				PRODUCT_BUNDLE_IDENTIFIER = celine.com.danielniels.MacroZladagApp;
				PRODUCT_NAME = "$(TARGET_NAME)";
				SWIFT_EMIT_LOC_STRINGS = YES;
				SWIFT_VERSION = 5.0;
				TARGETED_DEVICE_FAMILY = "1,2";
			};
			name = Debug;
		};
		65C40CE02ACAA797004D986C /* Release */ = {
			isa = XCBuildConfiguration;
			baseConfigurationReference = E6EC42BD3B1212AFBDB47D42 /* Pods-MacroZladagApp.release.xcconfig */;
			buildSettings = {
				ASSETCATALOG_COMPILER_APPICON_NAME = AppIcon;
				ASSETCATALOG_COMPILER_GLOBAL_ACCENT_COLOR_NAME = AccentColor;
				CODE_SIGN_ENTITLEMENTS = MacroZladagApp/MacroZladagApp.entitlements;
				CODE_SIGN_STYLE = Automatic;
				CURRENT_PROJECT_VERSION = 1;
				DEVELOPMENT_TEAM = Y9B3P2YJJC;
				GENERATE_INFOPLIST_FILE = YES;
				INFOPLIST_FILE = MacroZladagApp/Info.plist;
				INFOPLIST_KEY_UIApplicationSupportsIndirectInputEvents = YES;
				INFOPLIST_KEY_UILaunchStoryboardName = LaunchScreen;
				INFOPLIST_KEY_UISupportedInterfaceOrientations_iPad = "UIInterfaceOrientationPortrait UIInterfaceOrientationPortraitUpsideDown UIInterfaceOrientationLandscapeLeft UIInterfaceOrientationLandscapeRight";
				INFOPLIST_KEY_UISupportedInterfaceOrientations_iPhone = "UIInterfaceOrientationPortrait UIInterfaceOrientationLandscapeLeft UIInterfaceOrientationLandscapeRight";
				LD_RUNPATH_SEARCH_PATHS = (
					"$(inherited)",
					"@executable_path/Frameworks",
				);
				MARKETING_VERSION = 1.0;
				PRODUCT_BUNDLE_IDENTIFIER = celine.com.danielniels.MacroZladagApp;
				PRODUCT_NAME = "$(TARGET_NAME)";
				SWIFT_EMIT_LOC_STRINGS = YES;
				SWIFT_VERSION = 5.0;
				TARGETED_DEVICE_FAMILY = "1,2";
			};
			name = Release;
		};
/* End XCBuildConfiguration section */

/* Begin XCConfigurationList section */
		65C40CC52ACAA796004D986C /* Build configuration list for PBXProject "MacroZladagApp" */ = {
			isa = XCConfigurationList;
			buildConfigurations = (
				65C40CDC2ACAA797004D986C /* Debug */,
				65C40CDD2ACAA797004D986C /* Release */,
			);
			defaultConfigurationIsVisible = 0;
			defaultConfigurationName = Release;
		};
		65C40CDE2ACAA797004D986C /* Build configuration list for PBXNativeTarget "MacroZladagApp" */ = {
			isa = XCConfigurationList;
			buildConfigurations = (
				65C40CDF2ACAA797004D986C /* Debug */,
				65C40CE02ACAA797004D986C /* Release */,
			);
			defaultConfigurationIsVisible = 0;
			defaultConfigurationName = Release;
		};
/* End XCConfigurationList section */
	};
	rootObject = 65C40CC22ACAA796004D986C /* Project object */;
}
