// !$*UTF8*$!
{
	archiveVersion = 1;
	classes = {
	};
	objectVersion = 56;
	objects = {

/* Begin PBXBuildFile section */
		2275722668A0FA2F9740DD11 /* Pods_MacroZladagApp.framework in Frameworks */ = {isa = PBXBuildFile; fileRef = 347FF2B2596BDA8510B85CFA /* Pods_MacroZladagApp.framework */; };
		655B017B2AD9F6DC0016FC81 /* FilterParams.swift in Sources */ = {isa = PBXBuildFile; fileRef = 655B017A2AD9F6DC0016FC81 /* FilterParams.swift */; };
		6563A4652AD48B5A0058A130 /* FilterCollectionViewCell.swift in Sources */ = {isa = PBXBuildFile; fileRef = 6563A4642AD48B5A0058A130 /* FilterCollectionViewCell.swift */; };
		6563A4682AD494200058A130 /* SearchResultHeaderCollectionReusableView.swift in Sources */ = {isa = PBXBuildFile; fileRef = 6563A4672AD494200058A130 /* SearchResultHeaderCollectionReusableView.swift */; };
		6563A46A2AD49EB20058A130 /* FilterSheetViewController.swift in Sources */ = {isa = PBXBuildFile; fileRef = 6563A4692AD49EB20058A130 /* FilterSheetViewController.swift */; };
		6563A46D2AD53CF90058A130 /* CobaViewController.swift in Sources */ = {isa = PBXBuildFile; fileRef = 6563A46C2AD53CF90058A130 /* CobaViewController.swift */; };
		6563A46F2AD554C80058A130 /* SheetDuaViewController.swift in Sources */ = {isa = PBXBuildFile; fileRef = 6563A46E2AD554C80058A130 /* SheetDuaViewController.swift */; };
		6563A4722AD5D29B0058A130 /* FasilitasContainerButton.swift in Sources */ = {isa = PBXBuildFile; fileRef = 6563A4712AD5D29B0058A130 /* FasilitasContainerButton.swift */; };
		6563A4742AD5D2DD0058A130 /* UrutkanFilterButton.swift in Sources */ = {isa = PBXBuildFile; fileRef = 6563A4732AD5D2DD0058A130 /* UrutkanFilterButton.swift */; };
		6563A4762AD5D48F0058A130 /* SectionViews.swift in Sources */ = {isa = PBXBuildFile; fileRef = 6563A4752AD5D48F0058A130 /* SectionViews.swift */; };
		6563A4782AD5D64E0058A130 /* KategoriButton.swift in Sources */ = {isa = PBXBuildFile; fileRef = 6563A4772AD5D64E0058A130 /* KategoriButton.swift */; };
		6563A47A2AD700500058A130 /* MencobaSheetViewController.swift in Sources */ = {isa = PBXBuildFile; fileRef = 6563A4792AD700500058A130 /* MencobaSheetViewController.swift */; };
		6563A47C2AD718220058A130 /* KekhususanSwitch.swift in Sources */ = {isa = PBXBuildFile; fileRef = 6563A47B2AD718220058A130 /* KekhususanSwitch.swift */; };
		6563A47E2AD71D650058A130 /* SimpanButtonView.swift in Sources */ = {isa = PBXBuildFile; fileRef = 6563A47D2AD71D650058A130 /* SimpanButtonView.swift */; };
		6584BBBF2ADBDB910023D546 /* CobaTextFieldViewController.swift in Sources */ = {isa = PBXBuildFile; fileRef = 6584BBBE2ADBDB910023D546 /* CobaTextFieldViewController.swift */; };
		65C40CCE2ACAA796004D986C /* AppDelegate.swift in Sources */ = {isa = PBXBuildFile; fileRef = 65C40CCD2ACAA796004D986C /* AppDelegate.swift */; };
		65C40CD02ACAA796004D986C /* SceneDelegate.swift in Sources */ = {isa = PBXBuildFile; fileRef = 65C40CCF2ACAA796004D986C /* SceneDelegate.swift */; };
		65C40CD72ACAA797004D986C /* Assets.xcassets in Resources */ = {isa = PBXBuildFile; fileRef = 65C40CD62ACAA797004D986C /* Assets.xcassets */; };
		65C40CDA2ACAA797004D986C /* LaunchScreen.storyboard in Resources */ = {isa = PBXBuildFile; fileRef = 65C40CD82ACAA797004D986C /* LaunchScreen.storyboard */; };
		65C40CE32ACAC035004D986C /* Extension.swift in Sources */ = {isa = PBXBuildFile; fileRef = 65C40CE22ACAC035004D986C /* Extension.swift */; };
		65C40CE62ACAC0AC004D986C /* APICaller.swift in Sources */ = {isa = PBXBuildFile; fileRef = 65C40CE52ACAC0AC004D986C /* APICaller.swift */; };
		65C40CEE2ACAC19E004D986C /* TabBarViewController.swift in Sources */ = {isa = PBXBuildFile; fileRef = 65C40CED2ACAC19E004D986C /* TabBarViewController.swift */; };
		65C40CF02ACAC291004D986C /* HomeViewController.swift in Sources */ = {isa = PBXBuildFile; fileRef = 65C40CEF2ACAC291004D986C /* HomeViewController.swift */; };
		65C40CF22ACAC298004D986C /* YourOrdersViewController.swift in Sources */ = {isa = PBXBuildFile; fileRef = 65C40CF12ACAC298004D986C /* YourOrdersViewController.swift */; };
		65C40CF42ACAC2A4004D986C /* AccountViewController.swift in Sources */ = {isa = PBXBuildFile; fileRef = 65C40CF32ACAC2A4004D986C /* AccountViewController.swift */; };
		65C40CF62ACAC2D6004D986C /* SearchResultsViewController.swift in Sources */ = {isa = PBXBuildFile; fileRef = 65C40CF52ACAC2D6004D986C /* SearchResultsViewController.swift */; };
		65C40CF82ACAC735004D986C /* BoardingsResponse.swift in Sources */ = {isa = PBXBuildFile; fileRef = 65C40CF72ACAC735004D986C /* BoardingsResponse.swift */; };
		65C40CFB2ACACC44004D986C /* Boarding.swift in Sources */ = {isa = PBXBuildFile; fileRef = 65C40CFA2ACACC44004D986C /* Boarding.swift */; };
		65C40CFF2ACAD01B004D986C /* BoardingsCellViewModel.swift in Sources */ = {isa = PBXBuildFile; fileRef = 65C40CFE2ACAD01B004D986C /* BoardingsCellViewModel.swift */; };
		65C40D012ACAD1D1004D986C /* BoardingsCollectionViewCell.swift in Sources */ = {isa = PBXBuildFile; fileRef = 65C40D002ACAD1D1004D986C /* BoardingsCollectionViewCell.swift */; };
		65C40D032ACCA9E5004D986C /* BoardingCategory.swift in Sources */ = {isa = PBXBuildFile; fileRef = 65C40D022ACCA9E5004D986C /* BoardingCategory.swift */; };
		65C40D052ACCAA84004D986C /* District.swift in Sources */ = {isa = PBXBuildFile; fileRef = 65C40D042ACCAA84004D986C /* District.swift */; };
		65C40D072ACCAB60004D986C /* City.swift in Sources */ = {isa = PBXBuildFile; fileRef = 65C40D062ACCAB60004D986C /* City.swift */; };
		65C40D092ACCAE53004D986C /* Subdistrict.swift in Sources */ = {isa = PBXBuildFile; fileRef = 65C40D082ACCAE53004D986C /* Subdistrict.swift */; };
		65C40D0D2ACCD0EE004D986C /* SearchBoardingsResultCollectionViewCell.swift in Sources */ = {isa = PBXBuildFile; fileRef = 65C40D0C2ACCD0EE004D986C /* SearchBoardingsResultCollectionViewCell.swift */; };
		65C40D0F2ACD7A22004D986C /* BoardingDetailsViewController.swift in Sources */ = {isa = PBXBuildFile; fileRef = 65C40D0E2ACD7A22004D986C /* BoardingDetailsViewController.swift */; };
		65C40D112ACDC182004D986C /* ErrorPageViewController.swift in Sources */ = {isa = PBXBuildFile; fileRef = 65C40D102ACDC182004D986C /* ErrorPageViewController.swift */; };
		65C40D332ACDD3ED004D986C /* CoretanViewController.swift in Sources */ = {isa = PBXBuildFile; fileRef = 65C40D322ACDD3ED004D986C /* CoretanViewController.swift */; };
		65C40D352ACDDD6B004D986C /* Color.swift in Sources */ = {isa = PBXBuildFile; fileRef = 65C40D342ACDDD6B004D986C /* Color.swift */; };
		65C40D5B2ACF5572004D986C /* UpperView.swift in Sources */ = {isa = PBXBuildFile; fileRef = 65C40D5A2ACF5572004D986C /* UpperView.swift */; };
		65DC1D082AD2ADBC005D8288 /* MainHeaderCollectionReusableView.swift in Sources */ = {isa = PBXBuildFile; fileRef = 65DC1D072AD2ADBC005D8288 /* MainHeaderCollectionReusableView.swift */; };
		65DC1D0B2AD2AE5F005D8288 /* MainHeaderContainerView.swift in Sources */ = {isa = PBXBuildFile; fileRef = 65DC1D0A2AD2AE5F005D8288 /* MainHeaderContainerView.swift */; };
		65DC1D0D2AD2AE79005D8288 /* SearchContainerView.swift in Sources */ = {isa = PBXBuildFile; fileRef = 65DC1D0C2AD2AE79005D8288 /* SearchContainerView.swift */; };
		65DC1D0F2AD2AEA9005D8288 /* TextFieldView.swift in Sources */ = {isa = PBXBuildFile; fileRef = 65DC1D0E2AD2AEA9005D8288 /* TextFieldView.swift */; };
		65DC1D112AD2AF2D005D8288 /* NumberOfCatsAndDogsButton.swift in Sources */ = {isa = PBXBuildFile; fileRef = 65DC1D102AD2AF2D005D8288 /* NumberOfCatsAndDogsButton.swift */; };
		65DC1D142AD2B398005D8288 /* PromoCollectionView.swift in Sources */ = {isa = PBXBuildFile; fileRef = 65DC1D132AD2B398005D8288 /* PromoCollectionView.swift */; };
		65DC1D172AD2B678005D8288 /* PromoCollectionViewCell.swift in Sources */ = {isa = PBXBuildFile; fileRef = 65DC1D162AD2B678005D8288 /* PromoCollectionViewCell.swift */; };
		65DC1D192AD32CCE005D8288 /* SearchButton.swift in Sources */ = {isa = PBXBuildFile; fileRef = 65DC1D182AD32CCE005D8288 /* SearchButton.swift */; };
		65DC1D1D2AD33A4F005D8288 /* SectionOneHeaderCollectionReusableView.swift in Sources */ = {isa = PBXBuildFile; fileRef = 65DC1D1C2AD33A4F005D8288 /* SectionOneHeaderCollectionReusableView.swift */; };
		65DC1D1F2AD34274005D8288 /* SectionTwoHeaderCollectionReusableView.swift in Sources */ = {isa = PBXBuildFile; fileRef = 65DC1D1E2AD34274005D8288 /* SectionTwoHeaderCollectionReusableView.swift */; };
		65DC1D212AD34A85005D8288 /* CatsAndDogsCounterViewController.swift in Sources */ = {isa = PBXBuildFile; fileRef = 65DC1D202AD34A85005D8288 /* CatsAndDogsCounterViewController.swift */; };
/* End PBXBuildFile section */

/* Begin PBXFileReference section */
		347FF2B2596BDA8510B85CFA /* Pods_MacroZladagApp.framework */ = {isa = PBXFileReference; explicitFileType = wrapper.framework; includeInIndex = 0; path = Pods_MacroZladagApp.framework; sourceTree = BUILT_PRODUCTS_DIR; };
		655B017A2AD9F6DC0016FC81 /* FilterParams.swift */ = {isa = PBXFileReference; lastKnownFileType = sourcecode.swift; path = FilterParams.swift; sourceTree = "<group>"; };
		6563A4642AD48B5A0058A130 /* FilterCollectionViewCell.swift */ = {isa = PBXFileReference; lastKnownFileType = sourcecode.swift; path = FilterCollectionViewCell.swift; sourceTree = "<group>"; };
		6563A4672AD494200058A130 /* SearchResultHeaderCollectionReusableView.swift */ = {isa = PBXFileReference; lastKnownFileType = sourcecode.swift; path = SearchResultHeaderCollectionReusableView.swift; sourceTree = "<group>"; };
		6563A4692AD49EB20058A130 /* FilterSheetViewController.swift */ = {isa = PBXFileReference; lastKnownFileType = sourcecode.swift; path = FilterSheetViewController.swift; sourceTree = "<group>"; };
		6563A46C2AD53CF90058A130 /* CobaViewController.swift */ = {isa = PBXFileReference; lastKnownFileType = sourcecode.swift; path = CobaViewController.swift; sourceTree = "<group>"; };
		6563A46E2AD554C80058A130 /* SheetDuaViewController.swift */ = {isa = PBXFileReference; lastKnownFileType = sourcecode.swift; path = SheetDuaViewController.swift; sourceTree = "<group>"; };
		6563A4712AD5D29B0058A130 /* FasilitasContainerButton.swift */ = {isa = PBXFileReference; lastKnownFileType = sourcecode.swift; path = FasilitasContainerButton.swift; sourceTree = "<group>"; };
		6563A4732AD5D2DD0058A130 /* UrutkanFilterButton.swift */ = {isa = PBXFileReference; lastKnownFileType = sourcecode.swift; path = UrutkanFilterButton.swift; sourceTree = "<group>"; };
		6563A4752AD5D48F0058A130 /* SectionViews.swift */ = {isa = PBXFileReference; lastKnownFileType = sourcecode.swift; path = SectionViews.swift; sourceTree = "<group>"; };
		6563A4772AD5D64E0058A130 /* KategoriButton.swift */ = {isa = PBXFileReference; lastKnownFileType = sourcecode.swift; path = KategoriButton.swift; sourceTree = "<group>"; };
		6563A4792AD700500058A130 /* MencobaSheetViewController.swift */ = {isa = PBXFileReference; lastKnownFileType = sourcecode.swift; path = MencobaSheetViewController.swift; sourceTree = "<group>"; };
		6563A47B2AD718220058A130 /* KekhususanSwitch.swift */ = {isa = PBXFileReference; lastKnownFileType = sourcecode.swift; path = KekhususanSwitch.swift; sourceTree = "<group>"; };
		6563A47D2AD71D650058A130 /* SimpanButtonView.swift */ = {isa = PBXFileReference; lastKnownFileType = sourcecode.swift; path = SimpanButtonView.swift; sourceTree = "<group>"; };
		6584BBBE2ADBDB910023D546 /* CobaTextFieldViewController.swift */ = {isa = PBXFileReference; lastKnownFileType = sourcecode.swift; path = CobaTextFieldViewController.swift; sourceTree = "<group>"; };
		65C40CCA2ACAA796004D986C /* MacroZladagApp.app */ = {isa = PBXFileReference; explicitFileType = wrapper.application; includeInIndex = 0; path = MacroZladagApp.app; sourceTree = BUILT_PRODUCTS_DIR; };
		65C40CCD2ACAA796004D986C /* AppDelegate.swift */ = {isa = PBXFileReference; lastKnownFileType = sourcecode.swift; path = AppDelegate.swift; sourceTree = "<group>"; };
		65C40CCF2ACAA796004D986C /* SceneDelegate.swift */ = {isa = PBXFileReference; lastKnownFileType = sourcecode.swift; path = SceneDelegate.swift; sourceTree = "<group>"; };
		65C40CD62ACAA797004D986C /* Assets.xcassets */ = {isa = PBXFileReference; lastKnownFileType = folder.assetcatalog; path = Assets.xcassets; sourceTree = "<group>"; };
		65C40CD92ACAA797004D986C /* Base */ = {isa = PBXFileReference; lastKnownFileType = file.storyboard; name = Base; path = Base.lproj/LaunchScreen.storyboard; sourceTree = "<group>"; };
		65C40CDB2ACAA797004D986C /* Info.plist */ = {isa = PBXFileReference; lastKnownFileType = text.plist.xml; path = Info.plist; sourceTree = "<group>"; };
		65C40CE22ACAC035004D986C /* Extension.swift */ = {isa = PBXFileReference; lastKnownFileType = sourcecode.swift; path = Extension.swift; sourceTree = "<group>"; };
		65C40CE52ACAC0AC004D986C /* APICaller.swift */ = {isa = PBXFileReference; lastKnownFileType = sourcecode.swift; path = APICaller.swift; sourceTree = "<group>"; };
		65C40CED2ACAC19E004D986C /* TabBarViewController.swift */ = {isa = PBXFileReference; lastKnownFileType = sourcecode.swift; path = TabBarViewController.swift; sourceTree = "<group>"; };
		65C40CEF2ACAC291004D986C /* HomeViewController.swift */ = {isa = PBXFileReference; lastKnownFileType = sourcecode.swift; path = HomeViewController.swift; sourceTree = "<group>"; };
		65C40CF12ACAC298004D986C /* YourOrdersViewController.swift */ = {isa = PBXFileReference; lastKnownFileType = sourcecode.swift; path = YourOrdersViewController.swift; sourceTree = "<group>"; };
		65C40CF32ACAC2A4004D986C /* AccountViewController.swift */ = {isa = PBXFileReference; lastKnownFileType = sourcecode.swift; path = AccountViewController.swift; sourceTree = "<group>"; };
		65C40CF52ACAC2D6004D986C /* SearchResultsViewController.swift */ = {isa = PBXFileReference; lastKnownFileType = sourcecode.swift; path = SearchResultsViewController.swift; sourceTree = "<group>"; };
		65C40CF72ACAC735004D986C /* BoardingsResponse.swift */ = {isa = PBXFileReference; lastKnownFileType = sourcecode.swift; path = BoardingsResponse.swift; sourceTree = "<group>"; };
		65C40CFA2ACACC44004D986C /* Boarding.swift */ = {isa = PBXFileReference; lastKnownFileType = sourcecode.swift; path = Boarding.swift; sourceTree = "<group>"; };
		65C40CFE2ACAD01B004D986C /* BoardingsCellViewModel.swift */ = {isa = PBXFileReference; lastKnownFileType = sourcecode.swift; path = BoardingsCellViewModel.swift; sourceTree = "<group>"; };
		65C40D002ACAD1D1004D986C /* BoardingsCollectionViewCell.swift */ = {isa = PBXFileReference; lastKnownFileType = sourcecode.swift; path = BoardingsCollectionViewCell.swift; sourceTree = "<group>"; };
		65C40D022ACCA9E5004D986C /* BoardingCategory.swift */ = {isa = PBXFileReference; lastKnownFileType = sourcecode.swift; path = BoardingCategory.swift; sourceTree = "<group>"; };
		65C40D042ACCAA84004D986C /* District.swift */ = {isa = PBXFileReference; lastKnownFileType = sourcecode.swift; path = District.swift; sourceTree = "<group>"; };
		65C40D062ACCAB60004D986C /* City.swift */ = {isa = PBXFileReference; lastKnownFileType = sourcecode.swift; path = City.swift; sourceTree = "<group>"; };
		65C40D082ACCAE53004D986C /* Subdistrict.swift */ = {isa = PBXFileReference; lastKnownFileType = sourcecode.swift; path = Subdistrict.swift; sourceTree = "<group>"; };
		65C40D0C2ACCD0EE004D986C /* SearchBoardingsResultCollectionViewCell.swift */ = {isa = PBXFileReference; lastKnownFileType = sourcecode.swift; path = SearchBoardingsResultCollectionViewCell.swift; sourceTree = "<group>"; };
		65C40D0E2ACD7A22004D986C /* BoardingDetailsViewController.swift */ = {isa = PBXFileReference; lastKnownFileType = sourcecode.swift; path = BoardingDetailsViewController.swift; sourceTree = "<group>"; };
		65C40D102ACDC182004D986C /* ErrorPageViewController.swift */ = {isa = PBXFileReference; lastKnownFileType = sourcecode.swift; path = ErrorPageViewController.swift; sourceTree = "<group>"; };
		65C40D322ACDD3ED004D986C /* CoretanViewController.swift */ = {isa = PBXFileReference; lastKnownFileType = sourcecode.swift; path = CoretanViewController.swift; sourceTree = "<group>"; };
		65C40D342ACDDD6B004D986C /* Color.swift */ = {isa = PBXFileReference; lastKnownFileType = sourcecode.swift; path = Color.swift; sourceTree = "<group>"; };
		65C40D5A2ACF5572004D986C /* UpperView.swift */ = {isa = PBXFileReference; lastKnownFileType = sourcecode.swift; path = UpperView.swift; sourceTree = "<group>"; };
		65DC1D072AD2ADBC005D8288 /* MainHeaderCollectionReusableView.swift */ = {isa = PBXFileReference; lastKnownFileType = sourcecode.swift; path = MainHeaderCollectionReusableView.swift; sourceTree = "<group>"; };
		65DC1D0A2AD2AE5F005D8288 /* MainHeaderContainerView.swift */ = {isa = PBXFileReference; lastKnownFileType = sourcecode.swift; path = MainHeaderContainerView.swift; sourceTree = "<group>"; };
		65DC1D0C2AD2AE79005D8288 /* SearchContainerView.swift */ = {isa = PBXFileReference; lastKnownFileType = sourcecode.swift; path = SearchContainerView.swift; sourceTree = "<group>"; };
		65DC1D0E2AD2AEA9005D8288 /* TextFieldView.swift */ = {isa = PBXFileReference; lastKnownFileType = sourcecode.swift; path = TextFieldView.swift; sourceTree = "<group>"; };
		65DC1D102AD2AF2D005D8288 /* NumberOfCatsAndDogsButton.swift */ = {isa = PBXFileReference; lastKnownFileType = sourcecode.swift; path = NumberOfCatsAndDogsButton.swift; sourceTree = "<group>"; };
		65DC1D132AD2B398005D8288 /* PromoCollectionView.swift */ = {isa = PBXFileReference; lastKnownFileType = sourcecode.swift; path = PromoCollectionView.swift; sourceTree = "<group>"; };
		65DC1D162AD2B678005D8288 /* PromoCollectionViewCell.swift */ = {isa = PBXFileReference; lastKnownFileType = sourcecode.swift; path = PromoCollectionViewCell.swift; sourceTree = "<group>"; };
		65DC1D182AD32CCE005D8288 /* SearchButton.swift */ = {isa = PBXFileReference; lastKnownFileType = sourcecode.swift; path = SearchButton.swift; sourceTree = "<group>"; };
		65DC1D1C2AD33A4F005D8288 /* SectionOneHeaderCollectionReusableView.swift */ = {isa = PBXFileReference; lastKnownFileType = sourcecode.swift; path = SectionOneHeaderCollectionReusableView.swift; sourceTree = "<group>"; };
		65DC1D1E2AD34274005D8288 /* SectionTwoHeaderCollectionReusableView.swift */ = {isa = PBXFileReference; lastKnownFileType = sourcecode.swift; path = SectionTwoHeaderCollectionReusableView.swift; sourceTree = "<group>"; };
		65DC1D202AD34A85005D8288 /* CatsAndDogsCounterViewController.swift */ = {isa = PBXFileReference; lastKnownFileType = sourcecode.swift; path = CatsAndDogsCounterViewController.swift; sourceTree = "<group>"; };
		DD7F02616DBF5790C89BA81C /* Pods-MacroZladagApp.debug.xcconfig */ = {isa = PBXFileReference; includeInIndex = 1; lastKnownFileType = text.xcconfig; name = "Pods-MacroZladagApp.debug.xcconfig"; path = "Target Support Files/Pods-MacroZladagApp/Pods-MacroZladagApp.debug.xcconfig"; sourceTree = "<group>"; };
		E6EC42BD3B1212AFBDB47D42 /* Pods-MacroZladagApp.release.xcconfig */ = {isa = PBXFileReference; includeInIndex = 1; lastKnownFileType = text.xcconfig; name = "Pods-MacroZladagApp.release.xcconfig"; path = "Target Support Files/Pods-MacroZladagApp/Pods-MacroZladagApp.release.xcconfig"; sourceTree = "<group>"; };
/* End PBXFileReference section */

/* Begin PBXFrameworksBuildPhase section */
		65C40CC72ACAA796004D986C /* Frameworks */ = {
			isa = PBXFrameworksBuildPhase;
			buildActionMask = 2147483647;
			files = (
				2275722668A0FA2F9740DD11 /* Pods_MacroZladagApp.framework in Frameworks */,
			);
			runOnlyForDeploymentPostprocessing = 0;
		};
/* End PBXFrameworksBuildPhase section */

/* Begin PBXGroup section */
		141ACD2AC07824D1F08B448F /* Frameworks */ = {
			isa = PBXGroup;
			children = (
				347FF2B2596BDA8510B85CFA /* Pods_MacroZladagApp.framework */,
			);
			name = Frameworks;
			sourceTree = "<group>";
		};
		6563A4662AD493D40058A130 /* SearchResultHeader */ = {
			isa = PBXGroup;
			children = (
				6563A4672AD494200058A130 /* SearchResultHeaderCollectionReusableView.swift */,
			);
			path = SearchResultHeader;
			sourceTree = "<group>";
		};
		6563A46B2AD53CE00058A130 /* Experiments */ = {
			isa = PBXGroup;
			children = (
				6563A46C2AD53CF90058A130 /* CobaViewController.swift */,
				6563A46E2AD554C80058A130 /* SheetDuaViewController.swift */,
				6563A4792AD700500058A130 /* MencobaSheetViewController.swift */,
				6584BBBE2ADBDB910023D546 /* CobaTextFieldViewController.swift */,
			);
			path = Experiments;
			sourceTree = "<group>";
		};
		6563A4702AD5D2750058A130 /* FilterViews */ = {
			isa = PBXGroup;
			children = (
				6563A4752AD5D48F0058A130 /* SectionViews.swift */,
				6563A4732AD5D2DD0058A130 /* UrutkanFilterButton.swift */,
				6563A4772AD5D64E0058A130 /* KategoriButton.swift */,
				6563A4712AD5D29B0058A130 /* FasilitasContainerButton.swift */,
				6563A47B2AD718220058A130 /* KekhususanSwitch.swift */,
				6563A47D2AD71D650058A130 /* SimpanButtonView.swift */,
			);
			path = FilterViews;
			sourceTree = "<group>";
		};
		65C40CC12ACAA796004D986C = {
			isa = PBXGroup;
			children = (
				65C40CCC2ACAA796004D986C /* MacroZladagApp */,
				65C40CCB2ACAA796004D986C /* Products */,
				70461A21082B83EFCAA6AADD /* Pods */,
				141ACD2AC07824D1F08B448F /* Frameworks */,
			);
			sourceTree = "<group>";
		};
		65C40CCB2ACAA796004D986C /* Products */ = {
			isa = PBXGroup;
			children = (
				65C40CCA2ACAA796004D986C /* MacroZladagApp.app */,
			);
			name = Products;
			sourceTree = "<group>";
		};
		65C40CCC2ACAA796004D986C /* MacroZladagApp */ = {
			isa = PBXGroup;
			children = (
				65C40CE12ACAC000004D986C /* Resources */,
				65C40CE42ACAC095004D986C /* Managers */,
				65C40CE72ACAC0CA004D986C /* ViewModels */,
				65C40CE82ACAC0D6004D986C /* Models */,
				65C40CE92ACAC0E9004D986C /* Views */,
				65C40CEA2ACAC11F004D986C /* Controllers */,
				65C40CDB2ACAA797004D986C /* Info.plist */,
			);
			path = MacroZladagApp;
			sourceTree = "<group>";
		};
		65C40CE12ACAC000004D986C /* Resources */ = {
			isa = PBXGroup;
			children = (
				65C40CCD2ACAA796004D986C /* AppDelegate.swift */,
				65C40CCF2ACAA796004D986C /* SceneDelegate.swift */,
				65C40CE22ACAC035004D986C /* Extension.swift */,
				65C40D342ACDDD6B004D986C /* Color.swift */,
				65C40CD62ACAA797004D986C /* Assets.xcassets */,
			);
			path = Resources;
			sourceTree = "<group>";
		};
		65C40CE42ACAC095004D986C /* Managers */ = {
			isa = PBXGroup;
			children = (
				65C40CE52ACAC0AC004D986C /* APICaller.swift */,
			);
			path = Managers;
			sourceTree = "<group>";
		};
		65C40CE72ACAC0CA004D986C /* ViewModels */ = {
			isa = PBXGroup;
			children = (
				65C40CFE2ACAD01B004D986C /* BoardingsCellViewModel.swift */,
			);
			path = ViewModels;
			sourceTree = "<group>";
		};
		65C40CE82ACAC0D6004D986C /* Models */ = {
			isa = PBXGroup;
			children = (
				65C40CF92ACACC2C004D986C /* BoardingsResponse */,
				655B017A2AD9F6DC0016FC81 /* FilterParams.swift */,
			);
			path = Models;
			sourceTree = "<group>";
		};
		65C40CE92ACAC0E9004D986C /* Views */ = {
			isa = PBXGroup;
			children = (
				6563A4702AD5D2750058A130 /* FilterViews */,
				65DC1D122AD2B365005D8288 /* CollectionViews */,
				65DC1D152AD2B667005D8288 /* CollectionViewCells */,
				65DC1D062AD2ADA1005D8288 /* SectionHeaders */,
				65C40D5A2ACF5572004D986C /* UpperView.swift */,
				65C40CD82ACAA797004D986C /* LaunchScreen.storyboard */,
			);
			path = Views;
			sourceTree = "<group>";
		};
		65C40CEA2ACAC11F004D986C /* Controllers */ = {
			isa = PBXGroup;
			children = (
				6563A46B2AD53CE00058A130 /* Experiments */,
				65C40CEB2ACAC137004D986C /* Other */,
				65C40CEC2ACAC13E004D986C /* TabBar */,
				65C40D322ACDD3ED004D986C /* CoretanViewController.swift */,
			);
			path = Controllers;
			sourceTree = "<group>";
		};
		65C40CEB2ACAC137004D986C /* Other */ = {
			isa = PBXGroup;
			children = (
				65C40D0E2ACD7A22004D986C /* BoardingDetailsViewController.swift */,
				65C40CF52ACAC2D6004D986C /* SearchResultsViewController.swift */,
				65DC1D202AD34A85005D8288 /* CatsAndDogsCounterViewController.swift */,
				65C40D102ACDC182004D986C /* ErrorPageViewController.swift */,
				6563A4692AD49EB20058A130 /* FilterSheetViewController.swift */,
			);
			path = Other;
			sourceTree = "<group>";
		};
		65C40CEC2ACAC13E004D986C /* TabBar */ = {
			isa = PBXGroup;
			children = (
				65C40CEF2ACAC291004D986C /* HomeViewController.swift */,
				65C40CF12ACAC298004D986C /* YourOrdersViewController.swift */,
				65C40CF32ACAC2A4004D986C /* AccountViewController.swift */,
				65C40CED2ACAC19E004D986C /* TabBarViewController.swift */,
			);
			path = TabBar;
			sourceTree = "<group>";
		};
		65C40CF92ACACC2C004D986C /* BoardingsResponse */ = {
			isa = PBXGroup;
			children = (
				65C40CF72ACAC735004D986C /* BoardingsResponse.swift */,
				65C40CFA2ACACC44004D986C /* Boarding.swift */,
				65C40D022ACCA9E5004D986C /* BoardingCategory.swift */,
				65C40D042ACCAA84004D986C /* District.swift */,
				65C40D062ACCAB60004D986C /* City.swift */,
				65C40D082ACCAE53004D986C /* Subdistrict.swift */,
			);
			path = BoardingsResponse;
			sourceTree = "<group>";
		};
		65DC1D062AD2ADA1005D8288 /* SectionHeaders */ = {
			isa = PBXGroup;
			children = (
				6563A4662AD493D40058A130 /* SearchResultHeader */,
				65DC1D092AD2AE1E005D8288 /* MainHeader */,
				65DC1D1A2AD3381E005D8288 /* SectionOne */,
				65DC1D1B2AD3382F005D8288 /* SectionTwo */,
			);
			path = SectionHeaders;
			sourceTree = "<group>";
		};
		65DC1D092AD2AE1E005D8288 /* MainHeader */ = {
			isa = PBXGroup;
			children = (
				65DC1D072AD2ADBC005D8288 /* MainHeaderCollectionReusableView.swift */,
				65DC1D0A2AD2AE5F005D8288 /* MainHeaderContainerView.swift */,
				65DC1D0C2AD2AE79005D8288 /* SearchContainerView.swift */,
				65DC1D0E2AD2AEA9005D8288 /* TextFieldView.swift */,
				65DC1D102AD2AF2D005D8288 /* NumberOfCatsAndDogsButton.swift */,
				65DC1D182AD32CCE005D8288 /* SearchButton.swift */,
			);
			path = MainHeader;
			sourceTree = "<group>";
		};
		65DC1D122AD2B365005D8288 /* CollectionViews */ = {
			isa = PBXGroup;
			children = (
				65DC1D132AD2B398005D8288 /* PromoCollectionView.swift */,
			);
			path = CollectionViews;
			sourceTree = "<group>";
		};
		65DC1D152AD2B667005D8288 /* CollectionViewCells */ = {
			isa = PBXGroup;
			children = (
				65DC1D162AD2B678005D8288 /* PromoCollectionViewCell.swift */,
				65C40D002ACAD1D1004D986C /* BoardingsCollectionViewCell.swift */,
				65C40D0C2ACCD0EE004D986C /* SearchBoardingsResultCollectionViewCell.swift */,
				6563A4642AD48B5A0058A130 /* FilterCollectionViewCell.swift */,
			);
			path = CollectionViewCells;
			sourceTree = "<group>";
		};
		65DC1D1A2AD3381E005D8288 /* SectionOne */ = {
			isa = PBXGroup;
			children = (
				65DC1D1C2AD33A4F005D8288 /* SectionOneHeaderCollectionReusableView.swift */,
			);
			path = SectionOne;
			sourceTree = "<group>";
		};
		65DC1D1B2AD3382F005D8288 /* SectionTwo */ = {
			isa = PBXGroup;
			children = (
				65DC1D1E2AD34274005D8288 /* SectionTwoHeaderCollectionReusableView.swift */,
			);
			path = SectionTwo;
			sourceTree = "<group>";
		};
		70461A21082B83EFCAA6AADD /* Pods */ = {
			isa = PBXGroup;
			children = (
				DD7F02616DBF5790C89BA81C /* Pods-MacroZladagApp.debug.xcconfig */,
				E6EC42BD3B1212AFBDB47D42 /* Pods-MacroZladagApp.release.xcconfig */,
			);
			path = Pods;
			sourceTree = "<group>";
		};
/* End PBXGroup section */

/* Begin PBXNativeTarget section */
		65C40CC92ACAA796004D986C /* MacroZladagApp */ = {
			isa = PBXNativeTarget;
			buildConfigurationList = 65C40CDE2ACAA797004D986C /* Build configuration list for PBXNativeTarget "MacroZladagApp" */;
			buildPhases = (
				44A5BBA81CD8B509000A5924 /* [CP] Check Pods Manifest.lock */,
				65C40CC62ACAA796004D986C /* Sources */,
				65C40CC72ACAA796004D986C /* Frameworks */,
				65C40CC82ACAA796004D986C /* Resources */,
				1F22AFDE317685A173D1A55C /* [CP] Embed Pods Frameworks */,
			);
			buildRules = (
			);
			dependencies = (
			);
			name = MacroZladagApp;
			productName = MacroZladagApp;
			productReference = 65C40CCA2ACAA796004D986C /* MacroZladagApp.app */;
			productType = "com.apple.product-type.application";
		};
/* End PBXNativeTarget section */

/* Begin PBXProject section */
		65C40CC22ACAA796004D986C /* Project object */ = {
			isa = PBXProject;
			attributes = {
				BuildIndependentTargetsInParallel = 1;
				LastSwiftUpdateCheck = 1430;
				LastUpgradeCheck = 1430;
				TargetAttributes = {
					65C40CC92ACAA796004D986C = {
						CreatedOnToolsVersion = 14.3.1;
					};
				};
			};
			buildConfigurationList = 65C40CC52ACAA796004D986C /* Build configuration list for PBXProject "MacroZladagApp" */;
			compatibilityVersion = "Xcode 14.0";
			developmentRegion = en;
			hasScannedForEncodings = 0;
			knownRegions = (
				en,
				Base,
			);
			mainGroup = 65C40CC12ACAA796004D986C;
			productRefGroup = 65C40CCB2ACAA796004D986C /* Products */;
			projectDirPath = "";
			projectRoot = "";
			targets = (
				65C40CC92ACAA796004D986C /* MacroZladagApp */,
			);
		};
/* End PBXProject section */

/* Begin PBXResourcesBuildPhase section */
		65C40CC82ACAA796004D986C /* Resources */ = {
			isa = PBXResourcesBuildPhase;
			buildActionMask = 2147483647;
			files = (
				65C40CDA2ACAA797004D986C /* LaunchScreen.storyboard in Resources */,
				65C40CD72ACAA797004D986C /* Assets.xcassets in Resources */,
			);
			runOnlyForDeploymentPostprocessing = 0;
		};
/* End PBXResourcesBuildPhase section */

/* Begin PBXShellScriptBuildPhase section */
		1F22AFDE317685A173D1A55C /* [CP] Embed Pods Frameworks */ = {
			isa = PBXShellScriptBuildPhase;
			buildActionMask = 2147483647;
			files = (
			);
			inputFileListPaths = (
				"${PODS_ROOT}/Target Support Files/Pods-MacroZladagApp/Pods-MacroZladagApp-frameworks-${CONFIGURATION}-input-files.xcfilelist",
			);
			name = "[CP] Embed Pods Frameworks";
			outputFileListPaths = (
				"${PODS_ROOT}/Target Support Files/Pods-MacroZladagApp/Pods-MacroZladagApp-frameworks-${CONFIGURATION}-output-files.xcfilelist",
			);
			runOnlyForDeploymentPostprocessing = 0;
			shellPath = /bin/sh;
			shellScript = "\"${PODS_ROOT}/Target Support Files/Pods-MacroZladagApp/Pods-MacroZladagApp-frameworks.sh\"\n";
			showEnvVarsInLog = 0;
		};
		44A5BBA81CD8B509000A5924 /* [CP] Check Pods Manifest.lock */ = {
			isa = PBXShellScriptBuildPhase;
			buildActionMask = 2147483647;
			files = (
			);
			inputFileListPaths = (
			);
			inputPaths = (
				"${PODS_PODFILE_DIR_PATH}/Podfile.lock",
				"${PODS_ROOT}/Manifest.lock",
			);
			name = "[CP] Check Pods Manifest.lock";
			outputFileListPaths = (
			);
			outputPaths = (
				"$(DERIVED_FILE_DIR)/Pods-MacroZladagApp-checkManifestLockResult.txt",
			);
			runOnlyForDeploymentPostprocessing = 0;
			shellPath = /bin/sh;
			shellScript = "diff \"${PODS_PODFILE_DIR_PATH}/Podfile.lock\" \"${PODS_ROOT}/Manifest.lock\" > /dev/null\nif [ $? != 0 ] ; then\n    # print error to STDERR\n    echo \"error: The sandbox is not in sync with the Podfile.lock. Run 'pod install' or update your CocoaPods installation.\" >&2\n    exit 1\nfi\n# This output is used by Xcode 'outputs' to avoid re-running this script phase.\necho \"SUCCESS\" > \"${SCRIPT_OUTPUT_FILE_0}\"\n";
			showEnvVarsInLog = 0;
		};
/* End PBXShellScriptBuildPhase section */

/* Begin PBXSourcesBuildPhase section */
		65C40CC62ACAA796004D986C /* Sources */ = {
			isa = PBXSourcesBuildPhase;
			buildActionMask = 2147483647;
			files = (
				6563A46F2AD554C80058A130 /* SheetDuaViewController.swift in Sources */,
				65C40CFB2ACACC44004D986C /* Boarding.swift in Sources */,
				65DC1D1D2AD33A4F005D8288 /* SectionOneHeaderCollectionReusableView.swift in Sources */,
				65C40CFF2ACAD01B004D986C /* BoardingsCellViewModel.swift in Sources */,
				65C40D012ACAD1D1004D986C /* BoardingsCollectionViewCell.swift in Sources */,
				65DC1D1F2AD34274005D8288 /* SectionTwoHeaderCollectionReusableView.swift in Sources */,
				65C40D0F2ACD7A22004D986C /* BoardingDetailsViewController.swift in Sources */,
				65C40D5B2ACF5572004D986C /* UpperView.swift in Sources */,
				65C40CF02ACAC291004D986C /* HomeViewController.swift in Sources */,
				65DC1D172AD2B678005D8288 /* PromoCollectionViewCell.swift in Sources */,
				65C40D092ACCAE53004D986C /* Subdistrict.swift in Sources */,
				6584BBBF2ADBDB910023D546 /* CobaTextFieldViewController.swift in Sources */,
				65C40CF42ACAC2A4004D986C /* AccountViewController.swift in Sources */,
				65DC1D192AD32CCE005D8288 /* SearchButton.swift in Sources */,
				65DC1D0F2AD2AEA9005D8288 /* TextFieldView.swift in Sources */,
				6563A46D2AD53CF90058A130 /* CobaViewController.swift in Sources */,
				65DC1D212AD34A85005D8288 /* CatsAndDogsCounterViewController.swift in Sources */,
				6563A47A2AD700500058A130 /* MencobaSheetViewController.swift in Sources */,
				65DC1D142AD2B398005D8288 /* PromoCollectionView.swift in Sources */,
				6563A4782AD5D64E0058A130 /* KategoriButton.swift in Sources */,
				65C40CE32ACAC035004D986C /* Extension.swift in Sources */,
				65C40D032ACCA9E5004D986C /* BoardingCategory.swift in Sources */,
				6563A4682AD494200058A130 /* SearchResultHeaderCollectionReusableView.swift in Sources */,
				6563A4762AD5D48F0058A130 /* SectionViews.swift in Sources */,
				65C40CCE2ACAA796004D986C /* AppDelegate.swift in Sources */,
				65C40D332ACDD3ED004D986C /* CoretanViewController.swift in Sources */,
				65C40D0D2ACCD0EE004D986C /* SearchBoardingsResultCollectionViewCell.swift in Sources */,
				6563A4652AD48B5A0058A130 /* FilterCollectionViewCell.swift in Sources */,
				65C40D072ACCAB60004D986C /* City.swift in Sources */,
				6563A47E2AD71D650058A130 /* SimpanButtonView.swift in Sources */,
				65DC1D112AD2AF2D005D8288 /* NumberOfCatsAndDogsButton.swift in Sources */,
				65DC1D0B2AD2AE5F005D8288 /* MainHeaderContainerView.swift in Sources */,
				65C40D352ACDDD6B004D986C /* Color.swift in Sources */,
				65C40CF82ACAC735004D986C /* BoardingsResponse.swift in Sources */,
				655B017B2AD9F6DC0016FC81 /* FilterParams.swift in Sources */,
				6563A4722AD5D29B0058A130 /* FasilitasContainerButton.swift in Sources */,
				6563A47C2AD718220058A130 /* KekhususanSwitch.swift in Sources */,
				65C40CD02ACAA796004D986C /* SceneDelegate.swift in Sources */,
				65DC1D082AD2ADBC005D8288 /* MainHeaderCollectionReusableView.swift in Sources */,
				65C40D112ACDC182004D986C /* ErrorPageViewController.swift in Sources */,
				65C40CF62ACAC2D6004D986C /* SearchResultsViewController.swift in Sources */,
				65C40CEE2ACAC19E004D986C /* TabBarViewController.swift in Sources */,
				65DC1D0D2AD2AE79005D8288 /* SearchContainerView.swift in Sources */,
				6563A46A2AD49EB20058A130 /* FilterSheetViewController.swift in Sources */,
				65C40CE62ACAC0AC004D986C /* APICaller.swift in Sources */,
				65C40CF22ACAC298004D986C /* YourOrdersViewController.swift in Sources */,
				65C40D052ACCAA84004D986C /* District.swift in Sources */,
				6563A4742AD5D2DD0058A130 /* UrutkanFilterButton.swift in Sources */,
			);
			runOnlyForDeploymentPostprocessing = 0;
		};
/* End PBXSourcesBuildPhase section */

/* Begin PBXVariantGroup section */
		65C40CD82ACAA797004D986C /* LaunchScreen.storyboard */ = {
			isa = PBXVariantGroup;
			children = (
				65C40CD92ACAA797004D986C /* Base */,
			);
			name = LaunchScreen.storyboard;
			sourceTree = "<group>";
		};
/* End PBXVariantGroup section */

/* Begin XCBuildConfiguration section */
		65C40CDC2ACAA797004D986C /* Debug */ = {
			isa = XCBuildConfiguration;
			buildSettings = {
				ALWAYS_SEARCH_USER_PATHS = NO;
				CLANG_ANALYZER_NONNULL = YES;
				CLANG_ANALYZER_NUMBER_OBJECT_CONVERSION = YES_AGGRESSIVE;
				CLANG_CXX_LANGUAGE_STANDARD = "gnu++20";
				CLANG_ENABLE_MODULES = YES;
				CLANG_ENABLE_OBJC_ARC = YES;
				CLANG_ENABLE_OBJC_WEAK = YES;
				CLANG_WARN_BLOCK_CAPTURE_AUTORELEASING = YES;
				CLANG_WARN_BOOL_CONVERSION = YES;
				CLANG_WARN_COMMA = YES;
				CLANG_WARN_CONSTANT_CONVERSION = YES;
				CLANG_WARN_DEPRECATED_OBJC_IMPLEMENTATIONS = YES;
				CLANG_WARN_DIRECT_OBJC_ISA_USAGE = YES_ERROR;
				CLANG_WARN_DOCUMENTATION_COMMENTS = YES;
				CLANG_WARN_EMPTY_BODY = YES;
				CLANG_WARN_ENUM_CONVERSION = YES;
				CLANG_WARN_INFINITE_RECURSION = YES;
				CLANG_WARN_INT_CONVERSION = YES;
				CLANG_WARN_NON_LITERAL_NULL_CONVERSION = YES;
				CLANG_WARN_OBJC_IMPLICIT_RETAIN_SELF = YES;
				CLANG_WARN_OBJC_LITERAL_CONVERSION = YES;
				CLANG_WARN_OBJC_ROOT_CLASS = YES_ERROR;
				CLANG_WARN_QUOTED_INCLUDE_IN_FRAMEWORK_HEADER = YES;
				CLANG_WARN_RANGE_LOOP_ANALYSIS = YES;
				CLANG_WARN_STRICT_PROTOTYPES = YES;
				CLANG_WARN_SUSPICIOUS_MOVE = YES;
				CLANG_WARN_UNGUARDED_AVAILABILITY = YES_AGGRESSIVE;
				CLANG_WARN_UNREACHABLE_CODE = YES;
				CLANG_WARN__DUPLICATE_METHOD_MATCH = YES;
				COPY_PHASE_STRIP = NO;
				DEBUG_INFORMATION_FORMAT = dwarf;
				ENABLE_STRICT_OBJC_MSGSEND = YES;
				ENABLE_TESTABILITY = YES;
				GCC_C_LANGUAGE_STANDARD = gnu11;
				GCC_DYNAMIC_NO_PIC = NO;
				GCC_NO_COMMON_BLOCKS = YES;
				GCC_OPTIMIZATION_LEVEL = 0;
				GCC_PREPROCESSOR_DEFINITIONS = (
					"DEBUG=1",
					"$(inherited)",
				);
				GCC_WARN_64_TO_32_BIT_CONVERSION = YES;
				GCC_WARN_ABOUT_RETURN_TYPE = YES_ERROR;
				GCC_WARN_UNDECLARED_SELECTOR = YES;
				GCC_WARN_UNINITIALIZED_AUTOS = YES_AGGRESSIVE;
				GCC_WARN_UNUSED_FUNCTION = YES;
				GCC_WARN_UNUSED_VARIABLE = YES;
				IPHONEOS_DEPLOYMENT_TARGET = 16.4;
				MTL_ENABLE_DEBUG_INFO = INCLUDE_SOURCE;
				MTL_FAST_MATH = YES;
				ONLY_ACTIVE_ARCH = YES;
				SDKROOT = iphoneos;
				SWIFT_ACTIVE_COMPILATION_CONDITIONS = DEBUG;
				SWIFT_OPTIMIZATION_LEVEL = "-Onone";
			};
			name = Debug;
		};
		65C40CDD2ACAA797004D986C /* Release */ = {
			isa = XCBuildConfiguration;
			buildSettings = {
				ALWAYS_SEARCH_USER_PATHS = NO;
				CLANG_ANALYZER_NONNULL = YES;
				CLANG_ANALYZER_NUMBER_OBJECT_CONVERSION = YES_AGGRESSIVE;
				CLANG_CXX_LANGUAGE_STANDARD = "gnu++20";
				CLANG_ENABLE_MODULES = YES;
				CLANG_ENABLE_OBJC_ARC = YES;
				CLANG_ENABLE_OBJC_WEAK = YES;
				CLANG_WARN_BLOCK_CAPTURE_AUTORELEASING = YES;
				CLANG_WARN_BOOL_CONVERSION = YES;
				CLANG_WARN_COMMA = YES;
				CLANG_WARN_CONSTANT_CONVERSION = YES;
				CLANG_WARN_DEPRECATED_OBJC_IMPLEMENTATIONS = YES;
				CLANG_WARN_DIRECT_OBJC_ISA_USAGE = YES_ERROR;
				CLANG_WARN_DOCUMENTATION_COMMENTS = YES;
				CLANG_WARN_EMPTY_BODY = YES;
				CLANG_WARN_ENUM_CONVERSION = YES;
				CLANG_WARN_INFINITE_RECURSION = YES;
				CLANG_WARN_INT_CONVERSION = YES;
				CLANG_WARN_NON_LITERAL_NULL_CONVERSION = YES;
				CLANG_WARN_OBJC_IMPLICIT_RETAIN_SELF = YES;
				CLANG_WARN_OBJC_LITERAL_CONVERSION = YES;
				CLANG_WARN_OBJC_ROOT_CLASS = YES_ERROR;
				CLANG_WARN_QUOTED_INCLUDE_IN_FRAMEWORK_HEADER = YES;
				CLANG_WARN_RANGE_LOOP_ANALYSIS = YES;
				CLANG_WARN_STRICT_PROTOTYPES = YES;
				CLANG_WARN_SUSPICIOUS_MOVE = YES;
				CLANG_WARN_UNGUARDED_AVAILABILITY = YES_AGGRESSIVE;
				CLANG_WARN_UNREACHABLE_CODE = YES;
				CLANG_WARN__DUPLICATE_METHOD_MATCH = YES;
				COPY_PHASE_STRIP = NO;
				DEBUG_INFORMATION_FORMAT = "dwarf-with-dsym";
				ENABLE_NS_ASSERTIONS = NO;
				ENABLE_STRICT_OBJC_MSGSEND = YES;
				GCC_C_LANGUAGE_STANDARD = gnu11;
				GCC_NO_COMMON_BLOCKS = YES;
				GCC_WARN_64_TO_32_BIT_CONVERSION = YES;
				GCC_WARN_ABOUT_RETURN_TYPE = YES_ERROR;
				GCC_WARN_UNDECLARED_SELECTOR = YES;
				GCC_WARN_UNINITIALIZED_AUTOS = YES_AGGRESSIVE;
				GCC_WARN_UNUSED_FUNCTION = YES;
				GCC_WARN_UNUSED_VARIABLE = YES;
				IPHONEOS_DEPLOYMENT_TARGET = 16.4;
				MTL_ENABLE_DEBUG_INFO = NO;
				MTL_FAST_MATH = YES;
				SDKROOT = iphoneos;
				SWIFT_COMPILATION_MODE = wholemodule;
				SWIFT_OPTIMIZATION_LEVEL = "-O";
				VALIDATE_PRODUCT = YES;
			};
			name = Release;
		};
		65C40CDF2ACAA797004D986C /* Debug */ = {
			isa = XCBuildConfiguration;
			baseConfigurationReference = DD7F02616DBF5790C89BA81C /* Pods-MacroZladagApp.debug.xcconfig */;
			buildSettings = {
				ASSETCATALOG_COMPILER_APPICON_NAME = AppIcon;
				ASSETCATALOG_COMPILER_GLOBAL_ACCENT_COLOR_NAME = AccentColor;
				CODE_SIGN_STYLE = Automatic;
				CURRENT_PROJECT_VERSION = 1;
				DEVELOPMENT_TEAM = 4JFN55H5ZN;
				GENERATE_INFOPLIST_FILE = YES;
				INFOPLIST_FILE = MacroZladagApp/Info.plist;
				INFOPLIST_KEY_UIApplicationSupportsIndirectInputEvents = YES;
				INFOPLIST_KEY_UILaunchStoryboardName = LaunchScreen;
				INFOPLIST_KEY_UISupportedInterfaceOrientations_iPad = "UIInterfaceOrientationPortrait UIInterfaceOrientationPortraitUpsideDown UIInterfaceOrientationLandscapeLeft UIInterfaceOrientationLandscapeRight";
				INFOPLIST_KEY_UISupportedInterfaceOrientations_iPhone = "UIInterfaceOrientationPortrait UIInterfaceOrientationLandscapeLeft UIInterfaceOrientationLandscapeRight";
				LD_RUNPATH_SEARCH_PATHS = (
					"$(inherited)",
					"@executable_path/Frameworks",
				);
				MARKETING_VERSION = 1.0;
				PRODUCT_BUNDLE_IDENTIFIER = com.danielniels.MacroZladagApp;
				PRODUCT_NAME = "$(TARGET_NAME)";
				SWIFT_EMIT_LOC_STRINGS = YES;
				SWIFT_VERSION = 5.0;
				TARGETED_DEVICE_FAMILY = "1,2";
			};
			name = Debug;
		};
		65C40CE02ACAA797004D986C /* Release */ = {
			isa = XCBuildConfiguration;
			baseConfigurationReference = E6EC42BD3B1212AFBDB47D42 /* Pods-MacroZladagApp.release.xcconfig */;
			buildSettings = {
				ASSETCATALOG_COMPILER_APPICON_NAME = AppIcon;
				ASSETCATALOG_COMPILER_GLOBAL_ACCENT_COLOR_NAME = AccentColor;
				CODE_SIGN_STYLE = Automatic;
				CURRENT_PROJECT_VERSION = 1;
				DEVELOPMENT_TEAM = 4JFN55H5ZN;
				GENERATE_INFOPLIST_FILE = YES;
				INFOPLIST_FILE = MacroZladagApp/Info.plist;
				INFOPLIST_KEY_UIApplicationSupportsIndirectInputEvents = YES;
				INFOPLIST_KEY_UILaunchStoryboardName = LaunchScreen;
				INFOPLIST_KEY_UISupportedInterfaceOrientations_iPad = "UIInterfaceOrientationPortrait UIInterfaceOrientationPortraitUpsideDown UIInterfaceOrientationLandscapeLeft UIInterfaceOrientationLandscapeRight";
				INFOPLIST_KEY_UISupportedInterfaceOrientations_iPhone = "UIInterfaceOrientationPortrait UIInterfaceOrientationLandscapeLeft UIInterfaceOrientationLandscapeRight";
				LD_RUNPATH_SEARCH_PATHS = (
					"$(inherited)",
					"@executable_path/Frameworks",
				);
				MARKETING_VERSION = 1.0;
				PRODUCT_BUNDLE_IDENTIFIER = com.danielniels.MacroZladagApp;
				PRODUCT_NAME = "$(TARGET_NAME)";
				SWIFT_EMIT_LOC_STRINGS = YES;
				SWIFT_VERSION = 5.0;
				TARGETED_DEVICE_FAMILY = "1,2";
			};
			name = Release;
		};
/* End XCBuildConfiguration section */

/* Begin XCConfigurationList section */
		65C40CC52ACAA796004D986C /* Build configuration list for PBXProject "MacroZladagApp" */ = {
			isa = XCConfigurationList;
			buildConfigurations = (
				65C40CDC2ACAA797004D986C /* Debug */,
				65C40CDD2ACAA797004D986C /* Release */,
			);
			defaultConfigurationIsVisible = 0;
			defaultConfigurationName = Release;
		};
		65C40CDE2ACAA797004D986C /* Build configuration list for PBXNativeTarget "MacroZladagApp" */ = {
			isa = XCConfigurationList;
			buildConfigurations = (
				65C40CDF2ACAA797004D986C /* Debug */,
				65C40CE02ACAA797004D986C /* Release */,
			);
			defaultConfigurationIsVisible = 0;
			defaultConfigurationName = Release;
		};
/* End XCConfigurationList section */
	};
	rootObject = 65C40CC22ACAA796004D986C /* Project object */;
}
